PODS:
  - Crashlytics (3.10.2):
    - Fabric (~> 1.7.7)
  - DynamicColor (4.0.2)
  - Fabric (1.7.7)
  - Firebase/Core (4.13.0):
    - FirebaseAnalytics (= 4.2.0)
    - FirebaseCore (= 4.0.20)
  - FirebaseAnalytics (4.2.0):
    - FirebaseCore (~> 4.0)
    - FirebaseInstanceID (~> 2.0)
    - GoogleToolboxForMac/NSData+zlib (~> 2.1)
    - nanopb (~> 0.3)
  - FirebaseCore (4.0.20):
    - GoogleToolboxForMac/NSData+zlib (~> 2.1)
  - FirebaseInstanceID (2.0.10):
    - FirebaseCore (~> 4.0)
  - GoogleToolboxForMac/Defines (2.1.4)
  - GoogleToolboxForMac/NSData+zlib (2.1.4):
    - GoogleToolboxForMac/Defines (= 2.1.4)
  - Helpshift (7.0.1-bitcode)
  - nanopb (0.3.8):
    - nanopb/decode (= 0.3.8)
    - nanopb/encode (= 0.3.8)
  - nanopb/decode (0.3.8)
  - nanopb/encode (0.3.8)
  - RevealingSplashView (0.5.0)
  - SwiftRater (1.1.0)
  - SwiftyStoreKit (0.13.2)
  - SwiftyTimer (2.0.0)
  - TextAttributes (1.0)
  - TinyConstraints (3.1.1)

DEPENDENCIES:
  - Crashlytics (~> 3.10)
  - DynamicColor (~> 4.0)
  - Firebase/Core (~> 4.13)
  - Helpshift (= 7.0.1-bitcode)
  - RevealingSplashView (~> 0.5)
  - SwiftRater (~> 1.1)
  - SwiftyStoreKit (~> 0.13)
  - SwiftyTimer (~> 2.0)
  - TextAttributes (from `https://github.com/ejmartin504/TextAttributes.git`, branch `swift4`)
  - TinyConstraints (~> 3.1)

EXTERNAL SOURCES:
  TextAttributes:
    :branch: swift4
    :git: https://github.com/ejmartin504/TextAttributes.git

CHECKOUT OPTIONS:
  TextAttributes:
    :commit: 5103579729925acf896697d0f799dff4468d4a39
    :git: https://github.com/ejmartin504/TextAttributes.git

SPEC CHECKSUMS:
  Crashlytics: 0360624eea1c978a743feddb2fb1ef8b37fb7a0d
  DynamicColor: c7adcfe871781a2b39877a5774e452ba51b79eb3
  Fabric: bda89e242bce1b7b8ab264248cf3407774ce0095
  Firebase: 5ec5e863d269d82d66b4bf56856726f8fb8f0fb3
  FirebaseAnalytics: 7ef69e76a5142f643aeb47c780e1cdce4e23632e
  FirebaseCore: 90cb1c53d69b556f112a1bf72b5fcfaad7650790
  FirebaseInstanceID: 8d20d890d65c917f9f7d9950b6e10a760ad34321
  GoogleToolboxForMac: 91c824d21e85b31c2aae9bb011c5027c9b4e738f
  Helpshift: e2150c546d03c0f178f1e28299cc903bfc3bc5f7
  nanopb: 5601e6bca2dbf1ed831b519092ec110f66982ca3
  RevealingSplashView: 0794eecad3a8983ac11a1fe474e9a9b51b926780
  SwiftRater: 9c72ca3760c75f0fede0d65c16e4bbf31a3c3433
  SwiftyStoreKit: b7563505440a68c9d9fa70bc43d8a97015519409
  SwiftyTimer: 2efd74b060d69ad4f1496baf5bbedbe132125fcf
  TextAttributes: 45b2713a1d174c377d320b51129c304eac381638
  TinyConstraints: c15ce864e9ef87dfd18ee3bd746d510a38d84198

PODFILE CHECKSUM: 6ac9ea1b167e2505e18a668eb05ac76f5f3a13d7

COCOAPODS: 1.4.0
