// !$*UTF8*$!
{
	archiveVersion = 1;
	classes = {
	};
	objectVersion = 46;
	objects = {

/* Begin PBXBuildFile section */
		23E77518417FDA950066055F /* Pods.framework in Frameworks */ = {isa = PBXBuildFile; fileRef = E71A0C2E5DBB02EB546A0ED9 /* Pods.framework */; settings = {ATTRIBUTES = (Weak, ); }; };
		8B9811D61BED948B00F5174F /* AppDelegate.swift in Sources */ = {isa = PBXBuildFile; fileRef = 8B9811D51BED948B00F5174F /* AppDelegate.swift */; };
		8B9811D81BED948B00F5174F /* ViewController.swift in Sources */ = {isa = PBXBuildFile; fileRef = 8B9811D71BED948B00F5174F /* ViewController.swift */; };
		8B9811DB1BED948B00F5174F /* Main.storyboard in Resources */ = {isa = PBXBuildFile; fileRef = 8B9811D91BED948B00F5174F /* Main.storyboard */; };
		8B9811DD1BED948B00F5174F /* Assets.xcassets in Resources */ = {isa = PBXBuildFile; fileRef = 8B9811DC1BED948B00F5174F /* Assets.xcassets */; };
		8B9811E01BED948B00F5174F /* LaunchScreen.storyboard in Resources */ = {isa = PBXBuildFile; fileRef = 8B9811DE1BED948B00F5174F /* LaunchScreen.storyboard */; };
		8B9811EB1BED948C00F5174F /* NumPadTests.swift in Sources */ = {isa = PBXBuildFile; fileRef = 8B9811EA1BED948C00F5174F /* NumPadTests.swift */; };
		8B9811F61BED948C00F5174F /* NumPadUITests.swift in Sources */ = {isa = PBXBuildFile; fileRef = 8B9811F51BED948C00F5174F /* NumPadUITests.swift */; };
		8B98120A1BED951500F5174F /* KeyboardViewController.swift in Sources */ = {isa = PBXBuildFile; fileRef = 8B9812091BED951500F5174F /* KeyboardViewController.swift */; };
		8B98120E1BED951500F5174F /* Keyboard.appex in Embed App Extensions */ = {isa = PBXBuildFile; fileRef = 8B9812071BED951500F5174F /* Keyboard.appex */; settings = {ATTRIBUTES = (RemoveHeadersOnCopy, ); }; };
		B89A5179C061DBE98AEE7460 /* Pods.framework in Frameworks */ = {isa = PBXBuildFile; fileRef = E71A0C2E5DBB02EB546A0ED9 /* Pods.framework */; settings = {ATTRIBUTES = (Weak, ); }; };
/* End PBXBuildFile section */

/* Begin PBXContainerItemProxy section */
		8B9811E71BED948C00F5174F /* PBXContainerItemProxy */ = {
			isa = PBXContainerItemProxy;
			containerPortal = 8B9811CA1BED948B00F5174F /* Project object */;
			proxyType = 1;
			remoteGlobalIDString = 8B9811D11BED948B00F5174F;
			remoteInfo = NumPad;
		};
		8B9811F21BED948C00F5174F /* PBXContainerItemProxy */ = {
			isa = PBXContainerItemProxy;
			containerPortal = 8B9811CA1BED948B00F5174F /* Project object */;
			proxyType = 1;
			remoteGlobalIDString = 8B9811D11BED948B00F5174F;
			remoteInfo = NumPad;
		};
		8B98120C1BED951500F5174F /* PBXContainerItemProxy */ = {
			isa = PBXContainerItemProxy;
			containerPortal = 8B9811CA1BED948B00F5174F /* Project object */;
			proxyType = 1;
			remoteGlobalIDString = 8B9812061BED951500F5174F;
			remoteInfo = Keyboard;
		};
/* End PBXContainerItemProxy section */

/* Begin PBXCopyFilesBuildPhase section */
		8B9812121BED951500F5174F /* Embed App Extensions */ = {
			isa = PBXCopyFilesBuildPhase;
			buildActionMask = 2147483647;
			dstPath = "";
			dstSubfolderSpec = 13;
			files = (
				8B98120E1BED951500F5174F /* Keyboard.appex in Embed App Extensions */,
			);
			name = "Embed App Extensions";
			runOnlyForDeploymentPostprocessing = 0;
		};
/* End PBXCopyFilesBuildPhase section */

/* Begin PBXFileReference section */
		39CB521BEABDD2D6C9E5F234 /* Pods.debug.xcconfig */ = {isa = PBXFileReference; includeInIndex = 1; lastKnownFileType = text.xcconfig; name = Pods.debug.xcconfig; path = "Pods/Target Support Files/Pods/Pods.debug.xcconfig"; sourceTree = "<group>"; };
		63119BFE48A002EF27CC9CE6 /* Pods.release.xcconfig */ = {isa = PBXFileReference; includeInIndex = 1; lastKnownFileType = text.xcconfig; name = Pods.release.xcconfig; path = "Pods/Target Support Files/Pods/Pods.release.xcconfig"; sourceTree = "<group>"; };
		8B9811D21BED948B00F5174F /* NumPad.app */ = {isa = PBXFileReference; explicitFileType = wrapper.application; includeInIndex = 0; path = NumPad.app; sourceTree = BUILT_PRODUCTS_DIR; };
		8B9811D51BED948B00F5174F /* AppDelegate.swift */ = {isa = PBXFileReference; lastKnownFileType = sourcecode.swift; path = AppDelegate.swift; sourceTree = "<group>"; };
		8B9811D71BED948B00F5174F /* ViewController.swift */ = {isa = PBXFileReference; lastKnownFileType = sourcecode.swift; path = ViewController.swift; sourceTree = "<group>"; };
		8B9811DA1BED948B00F5174F /* Base */ = {isa = PBXFileReference; lastKnownFileType = file.storyboard; name = Base; path = Base.lproj/Main.storyboard; sourceTree = "<group>"; };
		8B9811DC1BED948B00F5174F /* Assets.xcassets */ = {isa = PBXFileReference; lastKnownFileType = folder.assetcatalog; path = Assets.xcassets; sourceTree = "<group>"; };
		8B9811DF1BED948B00F5174F /* Base */ = {isa = PBXFileReference; lastKnownFileType = file.storyboard; name = Base; path = Base.lproj/LaunchScreen.storyboard; sourceTree = "<group>"; };
		8B9811E11BED948B00F5174F /* Info.plist */ = {isa = PBXFileReference; lastKnownFileType = text.plist.xml; path = Info.plist; sourceTree = "<group>"; };
		8B9811E61BED948C00F5174F /* NumPadTests.xctest */ = {isa = PBXFileReference; explicitFileType = wrapper.cfbundle; includeInIndex = 0; path = NumPadTests.xctest; sourceTree = BUILT_PRODUCTS_DIR; };
		8B9811EA1BED948C00F5174F /* NumPadTests.swift */ = {isa = PBXFileReference; lastKnownFileType = sourcecode.swift; path = NumPadTests.swift; sourceTree = "<group>"; };
		8B9811EC1BED948C00F5174F /* Info.plist */ = {isa = PBXFileReference; lastKnownFileType = text.plist.xml; path = Info.plist; sourceTree = "<group>"; };
		8B9811F11BED948C00F5174F /* NumPadUITests.xctest */ = {isa = PBXFileReference; explicitFileType = wrapper.cfbundle; includeInIndex = 0; path = NumPadUITests.xctest; sourceTree = BUILT_PRODUCTS_DIR; };
		8B9811F51BED948C00F5174F /* NumPadUITests.swift */ = {isa = PBXFileReference; lastKnownFileType = sourcecode.swift; path = NumPadUITests.swift; sourceTree = "<group>"; };
		8B9811F71BED948C00F5174F /* Info.plist */ = {isa = PBXFileReference; lastKnownFileType = text.plist.xml; path = Info.plist; sourceTree = "<group>"; };
		8B9812071BED951500F5174F /* Keyboard.appex */ = {isa = PBXFileReference; explicitFileType = "wrapper.app-extension"; includeInIndex = 0; path = Keyboard.appex; sourceTree = BUILT_PRODUCTS_DIR; };
		8B9812091BED951500F5174F /* KeyboardViewController.swift */ = {isa = PBXFileReference; lastKnownFileType = sourcecode.swift; path = KeyboardViewController.swift; sourceTree = "<group>"; };
		8B98120B1BED951500F5174F /* Info.plist */ = {isa = PBXFileReference; lastKnownFileType = text.plist.xml; path = Info.plist; sourceTree = "<group>"; };
		E71A0C2E5DBB02EB546A0ED9 /* Pods.framework */ = {isa = PBXFileReference; explicitFileType = wrapper.framework; includeInIndex = 0; path = Pods.framework; sourceTree = BUILT_PRODUCTS_DIR; };
/* End PBXFileReference section */

/* Begin PBXFrameworksBuildPhase section */
		8B9811CF1BED948B00F5174F /* Frameworks */ = {
			isa = PBXFrameworksBuildPhase;
			buildActionMask = 2147483647;
			files = (
				B89A5179C061DBE98AEE7460 /* Pods.framework in Frameworks */,
			);
			runOnlyForDeploymentPostprocessing = 0;
		};
		8B9811E31BED948C00F5174F /* Frameworks */ = {
			isa = PBXFrameworksBuildPhase;
			buildActionMask = 2147483647;
			files = (
			);
			runOnlyForDeploymentPostprocessing = 0;
		};
		8B9811EE1BED948C00F5174F /* Frameworks */ = {
			isa = PBXFrameworksBuildPhase;
			buildActionMask = 2147483647;
			files = (
			);
			runOnlyForDeploymentPostprocessing = 0;
		};
		8B9812041BED951500F5174F /* Frameworks */ = {
			isa = PBXFrameworksBuildPhase;
			buildActionMask = 2147483647;
			files = (
				23E77518417FDA950066055F /* Pods.framework in Frameworks */,
			);
			runOnlyForDeploymentPostprocessing = 0;
		};
/* End PBXFrameworksBuildPhase section */

/* Begin PBXGroup section */
		8B9811C91BED948B00F5174F = {
			isa = PBXGroup;
			children = (
				8B9811D41BED948B00F5174F /* NumPad */,
				8B9811E91BED948C00F5174F /* NumPadTests */,
				8B9811F41BED948C00F5174F /* NumPadUITests */,
				8B9812081BED951500F5174F /* Keyboard */,
				8B9811D31BED948B00F5174F /* Products */,
				9FB4DA50EF9C8AE59B8D37FA /* Pods */,
				EE8B20BF3C7F8FEB4D6B0AF9 /* Frameworks */,
			);
			sourceTree = "<group>";
		};
		8B9811D31BED948B00F5174F /* Products */ = {
			isa = PBXGroup;
			children = (
				8B9811D21BED948B00F5174F /* NumPad.app */,
				8B9811E61BED948C00F5174F /* NumPadTests.xctest */,
				8B9811F11BED948C00F5174F /* NumPadUITests.xctest */,
				8B9812071BED951500F5174F /* Keyboard.appex */,
			);
			name = Products;
			sourceTree = "<group>";
		};
		8B9811D41BED948B00F5174F /* NumPad */ = {
			isa = PBXGroup;
			children = (
				8B9811D51BED948B00F5174F /* AppDelegate.swift */,
				8B9811D71BED948B00F5174F /* ViewController.swift */,
				8B9811D91BED948B00F5174F /* Main.storyboard */,
				8B9811DC1BED948B00F5174F /* Assets.xcassets */,
				8B9811DE1BED948B00F5174F /* LaunchScreen.storyboard */,
				8B9811E11BED948B00F5174F /* Info.plist */,
			);
			path = NumPad;
			sourceTree = "<group>";
		};
		8B9811E91BED948C00F5174F /* NumPadTests */ = {
			isa = PBXGroup;
			children = (
				8B9811EA1BED948C00F5174F /* NumPadTests.swift */,
				8B9811EC1BED948C00F5174F /* Info.plist */,
			);
			path = NumPadTests;
			sourceTree = "<group>";
		};
		8B9811F41BED948C00F5174F /* NumPadUITests */ = {
			isa = PBXGroup;
			children = (
				8B9811F51BED948C00F5174F /* NumPadUITests.swift */,
				8B9811F71BED948C00F5174F /* Info.plist */,
			);
			path = NumPadUITests;
			sourceTree = "<group>";
		};
		8B9812081BED951500F5174F /* Keyboard */ = {
			isa = PBXGroup;
			children = (
				8B9812091BED951500F5174F /* KeyboardViewController.swift */,
				8B98120B1BED951500F5174F /* Info.plist */,
			);
			path = Keyboard;
			sourceTree = "<group>";
		};
		9FB4DA50EF9C8AE59B8D37FA /* Pods */ = {
			isa = PBXGroup;
			children = (
				39CB521BEABDD2D6C9E5F234 /* Pods.debug.xcconfig */,
				63119BFE48A002EF27CC9CE6 /* Pods.release.xcconfig */,
			);
			name = Pods;
			sourceTree = "<group>";
		};
		EE8B20BF3C7F8FEB4D6B0AF9 /* Frameworks */ = {
			isa = PBXGroup;
			children = (
				E71A0C2E5DBB02EB546A0ED9 /* Pods.framework */,
			);
			name = Frameworks;
			sourceTree = "<group>";
		};
/* End PBXGroup section */

/* Begin PBXNativeTarget section */
		8B9811D11BED948B00F5174F /* NumPad */ = {
			isa = PBXNativeTarget;
			buildConfigurationList = 8B9811FA1BED948C00F5174F /* Build configuration list for PBXNativeTarget "NumPad" */;
			buildPhases = (
				7887686DC1822D108C95C07F /* Check Pods Manifest.lock */,
				8B9811CE1BED948B00F5174F /* Sources */,
				8B9811CF1BED948B00F5174F /* Frameworks */,
				8B9811D01BED948B00F5174F /* Resources */,
				8B9812121BED951500F5174F /* Embed App Extensions */,
				D1E86916DE7F8B8277F7AEF8 /* Embed Pods Frameworks */,
				60F49106ED84A2143801134E /* Copy Pods Resources */,
			);
			buildRules = (
			);
			dependencies = (
				8B98120D1BED951500F5174F /* PBXTargetDependency */,
			);
			name = NumPad;
			productName = NumPad;
			productReference = 8B9811D21BED948B00F5174F /* NumPad.app */;
			productType = "com.apple.product-type.application";
		};
		8B9811E51BED948C00F5174F /* NumPadTests */ = {
			isa = PBXNativeTarget;
			buildConfigurationList = 8B9811FD1BED948C00F5174F /* Build configuration list for PBXNativeTarget "NumPadTests" */;
			buildPhases = (
				8B9811E21BED948C00F5174F /* Sources */,
				8B9811E31BED948C00F5174F /* Frameworks */,
				8B9811E41BED948C00F5174F /* Resources */,
			);
			buildRules = (
			);
			dependencies = (
				8B9811E81BED948C00F5174F /* PBXTargetDependency */,
			);
			name = NumPadTests;
			productName = NumPadTests;
			productReference = 8B9811E61BED948C00F5174F /* NumPadTests.xctest */;
			productType = "com.apple.product-type.bundle.unit-test";
		};
		8B9811F01BED948C00F5174F /* NumPadUITests */ = {
			isa = PBXNativeTarget;
			buildConfigurationList = 8B9812001BED948C00F5174F /* Build configuration list for PBXNativeTarget "NumPadUITests" */;
			buildPhases = (
				8B9811ED1BED948C00F5174F /* Sources */,
				8B9811EE1BED948C00F5174F /* Frameworks */,
				8B9811EF1BED948C00F5174F /* Resources */,
			);
			buildRules = (
			);
			dependencies = (
				8B9811F31BED948C00F5174F /* PBXTargetDependency */,
			);
			name = NumPadUITests;
			productName = NumPadUITests;
			productReference = 8B9811F11BED948C00F5174F /* NumPadUITests.xctest */;
			productType = "com.apple.product-type.bundle.ui-testing";
		};
		8B9812061BED951500F5174F /* Keyboard */ = {
			isa = PBXNativeTarget;
			buildConfigurationList = 8B98120F1BED951500F5174F /* Build configuration list for PBXNativeTarget "Keyboard" */;
			buildPhases = (
				A9D0C4338C6473881287D353 /* Check Pods Manifest.lock */,
				8B9812031BED951500F5174F /* Sources */,
				8B9812041BED951500F5174F /* Frameworks */,
				8B9812051BED951500F5174F /* Resources */,
				762BADCDE150E6387BFBBC5B /* Embed Pods Frameworks */,
				3B1F1F3574F35FD48ECE9DD3 /* Copy Pods Resources */,
			);
			buildRules = (
			);
			dependencies = (
			);
			name = Keyboard;
			productName = Keyboard;
			productReference = 8B9812071BED951500F5174F /* Keyboard.appex */;
			productType = "com.apple.product-type.app-extension";
		};
/* End PBXNativeTarget section */

/* Begin PBXProject section */
		8B9811CA1BED948B00F5174F /* Project object */ = {
			isa = PBXProject;
			attributes = {
				LastSwiftUpdateCheck = 0710;
				LastUpgradeCheck = 0710;
				ORGANIZATIONNAME = "Lasha Efremidze";
				TargetAttributes = {
					8B9811D11BED948B00F5174F = {
						CreatedOnToolsVersion = 7.1;
					};
					8B9811E51BED948C00F5174F = {
						CreatedOnToolsVersion = 7.1;
						TestTargetID = 8B9811D11BED948B00F5174F;
					};
					8B9811F01BED948C00F5174F = {
						CreatedOnToolsVersion = 7.1;
						TestTargetID = 8B9811D11BED948B00F5174F;
					};
					8B9812061BED951500F5174F = {
						CreatedOnToolsVersion = 7.1;
					};
				};
			};
			buildConfigurationList = 8B9811CD1BED948B00F5174F /* Build configuration list for PBXProject "NumPad" */;
			compatibilityVersion = "Xcode 3.2";
			developmentRegion = English;
			hasScannedForEncodings = 0;
			knownRegions = (
				en,
				Base,
			);
			mainGroup = 8B9811C91BED948B00F5174F;
			productRefGroup = 8B9811D31BED948B00F5174F /* Products */;
			projectDirPath = "";
			projectRoot = "";
			targets = (
				8B9811D11BED948B00F5174F /* NumPad */,
				8B9811E51BED948C00F5174F /* NumPadTests */,
				8B9811F01BED948C00F5174F /* NumPadUITests */,
				8B9812061BED951500F5174F /* Keyboard */,
			);
		};
/* End PBXProject section */

/* Begin PBXResourcesBuildPhase section */
		8B9811D01BED948B00F5174F /* Resources */ = {
			isa = PBXResourcesBuildPhase;
			buildActionMask = 2147483647;
			files = (
				8B9811E01BED948B00F5174F /* LaunchScreen.storyboard in Resources */,
				8B9811DD1BED948B00F5174F /* Assets.xcassets in Resources */,
				8B9811DB1BED948B00F5174F /* Main.storyboard in Resources */,
			);
			runOnlyForDeploymentPostprocessing = 0;
		};
		8B9811E41BED948C00F5174F /* Resources */ = {
			isa = PBXResourcesBuildPhase;
			buildActionMask = 2147483647;
			files = (
			);
			runOnlyForDeploymentPostprocessing = 0;
		};
		8B9811EF1BED948C00F5174F /* Resources */ = {
			isa = PBXResourcesBuildPhase;
			buildActionMask = 2147483647;
			files = (
			);
			runOnlyForDeploymentPostprocessing = 0;
		};
		8B9812051BED951500F5174F /* Resources */ = {
			isa = PBXResourcesBuildPhase;
			buildActionMask = 2147483647;
			files = (
			);
			runOnlyForDeploymentPostprocessing = 0;
		};
/* End PBXResourcesBuildPhase section */

/* Begin PBXShellScriptBuildPhase section */
		3B1F1F3574F35FD48ECE9DD3 /* Copy Pods Resources */ = {
			isa = PBXShellScriptBuildPhase;
			buildActionMask = 2147483647;
			files = (
			);
			inputPaths = (
			);
			name = "Copy Pods Resources";
			outputPaths = (
			);
			runOnlyForDeploymentPostprocessing = 0;
			shellPath = /bin/sh;
			shellScript = "\"${SRCROOT}/Pods/Target Support Files/Pods/Pods-resources.sh\"\n";
			showEnvVarsInLog = 0;
		};
		60F49106ED84A2143801134E /* Copy Pods Resources */ = {
			isa = PBXShellScriptBuildPhase;
			buildActionMask = 2147483647;
			files = (
			);
			inputPaths = (
			);
			name = "Copy Pods Resources";
			outputPaths = (
			);
			runOnlyForDeploymentPostprocessing = 0;
			shellPath = /bin/sh;
			shellScript = "\"${SRCROOT}/Pods/Target Support Files/Pods/Pods-resources.sh\"\n";
			showEnvVarsInLog = 0;
		};
		762BADCDE150E6387BFBBC5B /* Embed Pods Frameworks */ = {
			isa = PBXShellScriptBuildPhase;
			buildActionMask = 2147483647;
			files = (
			);
			inputPaths = (
			);
			name = "Embed Pods Frameworks";
			outputPaths = (
			);
			runOnlyForDeploymentPostprocessing = 0;
			shellPath = /bin/sh;
			shellScript = "\"${SRCROOT}/Pods/Target Support Files/Pods/Pods-frameworks.sh\"\n";
			showEnvVarsInLog = 0;
		};
		7887686DC1822D108C95C07F /* Check Pods Manifest.lock */ = {
			isa = PBXShellScriptBuildPhase;
			buildActionMask = 2147483647;
			files = (
			);
			inputPaths = (
			);
			name = "Check Pods Manifest.lock";
			outputPaths = (
			);
			runOnlyForDeploymentPostprocessing = 0;
			shellPath = /bin/sh;
			shellScript = "diff \"${PODS_ROOT}/../Podfile.lock\" \"${PODS_ROOT}/Manifest.lock\" > /dev/null\nif [[ $? != 0 ]] ; then\n    cat << EOM\nerror: The sandbox is not in sync with the Podfile.lock. Run 'pod install' or update your CocoaPods installation.\nEOM\n    exit 1\nfi\n";
			showEnvVarsInLog = 0;
		};
		A9D0C4338C6473881287D353 /* Check Pods Manifest.lock */ = {
			isa = PBXShellScriptBuildPhase;
			buildActionMask = 2147483647;
			files = (
			);
			inputPaths = (
			);
			name = "Check Pods Manifest.lock";
			outputPaths = (
			);
			runOnlyForDeploymentPostprocessing = 0;
			shellPath = /bin/sh;
			shellScript = "diff \"${PODS_ROOT}/../Podfile.lock\" \"${PODS_ROOT}/Manifest.lock\" > /dev/null\nif [[ $? != 0 ]] ; then\n    cat << EOM\nerror: The sandbox is not in sync with the Podfile.lock. Run 'pod install' or update your CocoaPods installation.\nEOM\n    exit 1\nfi\n";
			showEnvVarsInLog = 0;
		};
		D1E86916DE7F8B8277F7AEF8 /* Embed Pods Frameworks */ = {
			isa = PBXShellScriptBuildPhase;
			buildActionMask = 2147483647;
			files = (
			);
			inputPaths = (
			);
			name = "Embed Pods Frameworks";
			outputPaths = (
			);
			runOnlyForDeploymentPostprocessing = 0;
			shellPath = /bin/sh;
			shellScript = "\"${SRCROOT}/Pods/Target Support Files/Pods/Pods-frameworks.sh\"\n";
			showEnvVarsInLog = 0;
		};
/* End PBXShellScriptBuildPhase section */

/* Begin PBXSourcesBuildPhase section */
		8B9811CE1BED948B00F5174F /* Sources */ = {
			isa = PBXSourcesBuildPhase;
			buildActionMask = 2147483647;
			files = (
				8B9811D81BED948B00F5174F /* ViewController.swift in Sources */,
				8B9811D61BED948B00F5174F /* AppDelegate.swift in Sources */,
			);
			runOnlyForDeploymentPostprocessing = 0;
		};
		8B9811E21BED948C00F5174F /* Sources */ = {
			isa = PBXSourcesBuildPhase;
			buildActionMask = 2147483647;
			files = (
				8B9811EB1BED948C00F5174F /* NumPadTests.swift in Sources */,
			);
			runOnlyForDeploymentPostprocessing = 0;
		};
		8B9811ED1BED948C00F5174F /* Sources */ = {
			isa = PBXSourcesBuildPhase;
			buildActionMask = 2147483647;
			files = (
				8B9811F61BED948C00F5174F /* NumPadUITests.swift in Sources */,
			);
			runOnlyForDeploymentPostprocessing = 0;
		};
		8B9812031BED951500F5174F /* Sources */ = {
			isa = PBXSourcesBuildPhase;
			buildActionMask = 2147483647;
			files = (
				8B98120A1BED951500F5174F /* KeyboardViewController.swift in Sources */,
			);
			runOnlyForDeploymentPostprocessing = 0;
		};
/* End PBXSourcesBuildPhase section */

/* Begin PBXTargetDependency section */
		8B9811E81BED948C00F5174F /* PBXTargetDependency */ = {
			isa = PBXTargetDependency;
			target = 8B9811D11BED948B00F5174F /* NumPad */;
			targetProxy = 8B9811E71BED948C00F5174F /* PBXContainerItemProxy */;
		};
		8B9811F31BED948C00F5174F /* PBXTargetDependency */ = {
			isa = PBXTargetDependency;
			target = 8B9811D11BED948B00F5174F /* NumPad */;
			targetProxy = 8B9811F21BED948C00F5174F /* PBXContainerItemProxy */;
		};
		8B98120D1BED951500F5174F /* PBXTargetDependency */ = {
			isa = PBXTargetDependency;
			target = 8B9812061BED951500F5174F /* Keyboard */;
			targetProxy = 8B98120C1BED951500F5174F /* PBXContainerItemProxy */;
		};
/* End PBXTargetDependency section */

/* Begin PBXVariantGroup section */
		8B9811D91BED948B00F5174F /* Main.storyboard */ = {
			isa = PBXVariantGroup;
			children = (
				8B9811DA1BED948B00F5174F /* Base */,
			);
			name = Main.storyboard;
			sourceTree = "<group>";
		};
		8B9811DE1BED948B00F5174F /* LaunchScreen.storyboard */ = {
			isa = PBXVariantGroup;
			children = (
				8B9811DF1BED948B00F5174F /* Base */,
			);
			name = LaunchScreen.storyboard;
			sourceTree = "<group>";
		};
/* End PBXVariantGroup section */

/* Begin XCBuildConfiguration section */
		8B9811F81BED948C00F5174F /* Debug */ = {
			isa = XCBuildConfiguration;
			buildSettings = {
				ALWAYS_SEARCH_USER_PATHS = NO;
				CLANG_CXX_LANGUAGE_STANDARD = "gnu++0x";
				CLANG_CXX_LIBRARY = "libc++";
				CLANG_ENABLE_MODULES = YES;
				CLANG_ENABLE_OBJC_ARC = YES;
				CLANG_WARN_BOOL_CONVERSION = YES;
				CLANG_WARN_CONSTANT_CONVERSION = YES;
				CLANG_WARN_DIRECT_OBJC_ISA_USAGE = YES_ERROR;
				CLANG_WARN_EMPTY_BODY = YES;
				CLANG_WARN_ENUM_CONVERSION = YES;
				CLANG_WARN_INT_CONVERSION = YES;
				CLANG_WARN_OBJC_ROOT_CLASS = YES_ERROR;
				CLANG_WARN_UNREACHABLE_CODE = YES;
				CLANG_WARN__DUPLICATE_METHOD_MATCH = YES;
				"CODE_SIGN_IDENTITY[sdk=iphoneos*]" = "iPhone Developer";
				COPY_PHASE_STRIP = NO;
				DEBUG_INFORMATION_FORMAT = dwarf;
				ENABLE_STRICT_OBJC_MSGSEND = YES;
				ENABLE_TESTABILITY = YES;
				GCC_C_LANGUAGE_STANDARD = gnu99;
				GCC_DYNAMIC_NO_PIC = NO;
				GCC_NO_COMMON_BLOCKS = YES;
				GCC_OPTIMIZATION_LEVEL = 0;
				GCC_PREPROCESSOR_DEFINITIONS = (
					"DEBUG=1",
					"$(inherited)",
				);
				GCC_WARN_64_TO_32_BIT_CONVERSION = YES;
				GCC_WARN_ABOUT_RETURN_TYPE = YES_ERROR;
				GCC_WARN_UNDECLARED_SELECTOR = YES;
				GCC_WARN_UNINITIALIZED_AUTOS = YES_AGGRESSIVE;
				GCC_WARN_UNUSED_FUNCTION = YES;
				GCC_WARN_UNUSED_VARIABLE = YES;
				IPHONEOS_DEPLOYMENT_TARGET = 9.1;
				MTL_ENABLE_DEBUG_INFO = YES;
				ONLY_ACTIVE_ARCH = YES;
				SDKROOT = iphoneos;
				SWIFT_OPTIMIZATION_LEVEL = "-Onone";
				TARGETED_DEVICE_FAMILY = "1,2";
			};
			name = Debug;
		};
		8B9811F91BED948C00F5174F /* Release */ = {
			isa = XCBuildConfiguration;
			buildSettings = {
				ALWAYS_SEARCH_USER_PATHS = NO;
				CLANG_CXX_LANGUAGE_STANDARD = "gnu++0x";
				CLANG_CXX_LIBRARY = "libc++";
				CLANG_ENABLE_MODULES = YES;
				CLANG_ENABLE_OBJC_ARC = YES;
				CLANG_WARN_BOOL_CONVERSION = YES;
				CLANG_WARN_CONSTANT_CONVERSION = YES;
				CLANG_WARN_DIRECT_OBJC_ISA_USAGE = YES_ERROR;
				CLANG_WARN_EMPTY_BODY = YES;
				CLANG_WARN_ENUM_CONVERSION = YES;
				CLANG_WARN_INT_CONVERSION = YES;
				CLANG_WARN_OBJC_ROOT_CLASS = YES_ERROR;
				CLANG_WARN_UNREACHABLE_CODE = YES;
				CLANG_WARN__DUPLICATE_METHOD_MATCH = YES;
				"CODE_SIGN_IDENTITY[sdk=iphoneos*]" = "iPhone Developer";
				COPY_PHASE_STRIP = NO;
				DEBUG_INFORMATION_FORMAT = "dwarf-with-dsym";
				ENABLE_NS_ASSERTIONS = NO;
				ENABLE_STRICT_OBJC_MSGSEND = YES;
				GCC_C_LANGUAGE_STANDARD = gnu99;
				GCC_NO_COMMON_BLOCKS = YES;
				GCC_WARN_64_TO_32_BIT_CONVERSION = YES;
				GCC_WARN_ABOUT_RETURN_TYPE = YES_ERROR;
				GCC_WARN_UNDECLARED_SELECTOR = YES;
				GCC_WARN_UNINITIALIZED_AUTOS = YES_AGGRESSIVE;
				GCC_WARN_UNUSED_FUNCTION = YES;
				GCC_WARN_UNUSED_VARIABLE = YES;
				IPHONEOS_DEPLOYMENT_TARGET = 9.1;
				MTL_ENABLE_DEBUG_INFO = NO;
				SDKROOT = iphoneos;
				TARGETED_DEVICE_FAMILY = "1,2";
				VALIDATE_PRODUCT = YES;
			};
			name = Release;
		};
		8B9811FB1BED948C00F5174F /* Debug */ = {
			isa = XCBuildConfiguration;
			baseConfigurationReference = 39CB521BEABDD2D6C9E5F234 /* Pods.debug.xcconfig */;
			buildSettings = {
				ASSETCATALOG_COMPILER_APPICON_NAME = AppIcon;
				EMBEDDED_CONTENT_CONTAINS_SWIFT = YES;
				INFOPLIST_FILE = NumPad/Info.plist;
				LD_RUNPATH_SEARCH_PATHS = "$(inherited) @executable_path/Frameworks";
				PRODUCT_BUNDLE_IDENTIFIER = com.morevoltage.NumPad;
				PRODUCT_NAME = "$(TARGET_NAME)";
			};
			name = Debug;
		};
		8B9811FC1BED948C00F5174F /* Release */ = {
			isa = XCBuildConfiguration;
			baseConfigurationReference = 63119BFE48A002EF27CC9CE6 /* Pods.release.xcconfig */;
			buildSettings = {
				ASSETCATALOG_COMPILER_APPICON_NAME = AppIcon;
				EMBEDDED_CONTENT_CONTAINS_SWIFT = YES;
				INFOPLIST_FILE = NumPad/Info.plist;
				LD_RUNPATH_SEARCH_PATHS = "$(inherited) @executable_path/Frameworks";
				PRODUCT_BUNDLE_IDENTIFIER = com.morevoltage.NumPad;
				PRODUCT_NAME = "$(TARGET_NAME)";
			};
			name = Release;
		};
		8B9811FE1BED948C00F5174F /* Debug */ = {
			isa = XCBuildConfiguration;
			buildSettings = {
				BUNDLE_LOADER = "$(TEST_HOST)";
				INFOPLIST_FILE = NumPadTests/Info.plist;
				LD_RUNPATH_SEARCH_PATHS = "$(inherited) @executable_path/Frameworks @loader_path/Frameworks";
				PRODUCT_BUNDLE_IDENTIFIER = com.morevoltage.NumPadTests;
				PRODUCT_NAME = "$(TARGET_NAME)";
				TEST_HOST = "$(BUILT_PRODUCTS_DIR)/NumPad.app/NumPad";
			};
			name = Debug;
		};
		8B9811FF1BED948C00F5174F /* Release */ = {
			isa = XCBuildConfiguration;
			buildSettings = {
				BUNDLE_LOADER = "$(TEST_HOST)";
				INFOPLIST_FILE = NumPadTests/Info.plist;
				LD_RUNPATH_SEARCH_PATHS = "$(inherited) @executable_path/Frameworks @loader_path/Frameworks";
				PRODUCT_BUNDLE_IDENTIFIER = com.morevoltage.NumPadTests;
				PRODUCT_NAME = "$(TARGET_NAME)";
				TEST_HOST = "$(BUILT_PRODUCTS_DIR)/NumPad.app/NumPad";
			};
			name = Release;
		};
		8B9812011BED948C00F5174F /* Debug */ = {
			isa = XCBuildConfiguration;
			buildSettings = {
				INFOPLIST_FILE = NumPadUITests/Info.plist;
				LD_RUNPATH_SEARCH_PATHS = "$(inherited) @executable_path/Frameworks @loader_path/Frameworks";
				PRODUCT_BUNDLE_IDENTIFIER = com.morevoltage.NumPadUITests;
				PRODUCT_NAME = "$(TARGET_NAME)";
				TEST_TARGET_NAME = NumPad;
				USES_XCTRUNNER = YES;
			};
			name = Debug;
		};
		8B9812021BED948C00F5174F /* Release */ = {
			isa = XCBuildConfiguration;
			buildSettings = {
				INFOPLIST_FILE = NumPadUITests/Info.plist;
				LD_RUNPATH_SEARCH_PATHS = "$(inherited) @executable_path/Frameworks @loader_path/Frameworks";
				PRODUCT_BUNDLE_IDENTIFIER = com.morevoltage.NumPadUITests;
				PRODUCT_NAME = "$(TARGET_NAME)";
				TEST_TARGET_NAME = NumPad;
				USES_XCTRUNNER = YES;
			};
			name = Release;
		};
		8B9812101BED951500F5174F /* Debug */ = {
			isa = XCBuildConfiguration;
			baseConfigurationReference = 39CB521BEABDD2D6C9E5F234 /* Pods.debug.xcconfig */;
			buildSettings = {
				INFOPLIST_FILE = Keyboard/Info.plist;
				LD_RUNPATH_SEARCH_PATHS = "$(inherited) @executable_path/Frameworks @executable_path/../../Frameworks";
				PRODUCT_BUNDLE_IDENTIFIER = com.morevoltage.NumPad.Keyboard;
				PRODUCT_NAME = "$(TARGET_NAME)";
				SKIP_INSTALL = YES;
			};
			name = Debug;
		};
		8B9812111BED951500F5174F /* Release */ = {
			isa = XCBuildConfiguration;
			baseConfigurationReference = 63119BFE48A002EF27CC9CE6 /* Pods.release.xcconfig */;
			buildSettings = {
				INFOPLIST_FILE = Keyboard/Info.plist;
				LD_RUNPATH_SEARCH_PATHS = "$(inherited) @executable_path/Frameworks @executable_path/../../Frameworks";
				PRODUCT_BUNDLE_IDENTIFIER = com.morevoltage.NumPad.Keyboard;
				PRODUCT_NAME = "$(TARGET_NAME)";
				SKIP_INSTALL = YES;
			};
			name = Release;
		};
/* End XCBuildConfiguration section */

/* Begin XCConfigurationList section */
		8B9811CD1BED948B00F5174F /* Build configuration list for PBXProject "NumPad" */ = {
			isa = XCConfigurationList;
			buildConfigurations = (
				8B9811F81BED948C00F5174F /* Debug */,
				8B9811F91BED948C00F5174F /* Release */,
			);
			defaultConfigurationIsVisible = 0;
			defaultConfigurationName = Release;
		};
		8B9811FA1BED948C00F5174F /* Build configuration list for PBXNativeTarget "NumPad" */ = {
			isa = XCConfigurationList;
			buildConfigurations = (
				8B9811FB1BED948C00F5174F /* Debug */,
				8B9811FC1BED948C00F5174F /* Release */,
			);
			defaultConfigurationIsVisible = 0;
			defaultConfigurationName = Release;
		};
		8B9811FD1BED948C00F5174F /* Build configuration list for PBXNativeTarget "NumPadTests" */ = {
			isa = XCConfigurationList;
			buildConfigurations = (
				8B9811FE1BED948C00F5174F /* Debug */,
				8B9811FF1BED948C00F5174F /* Release */,
			);
			defaultConfigurationIsVisible = 0;
			defaultConfigurationName = Release;
		};
		8B9812001BED948C00F5174F /* Build configuration list for PBXNativeTarget "NumPadUITests" */ = {
			isa = XCConfigurationList;
			buildConfigurations = (
				8B9812011BED948C00F5174F /* Debug */,
				8B9812021BED948C00F5174F /* Release */,
			);
			defaultConfigurationIsVisible = 0;
			defaultConfigurationName = Release;
		};
		8B98120F1BED951500F5174F /* Build configuration list for PBXNativeTarget "Keyboard" */ = {
			isa = XCConfigurationList;
			buildConfigurations = (
				8B9812101BED951500F5174F /* Debug */,
				8B9812111BED951500F5174F /* Release */,
			);
			defaultConfigurationIsVisible = 0;
			defaultConfigurationName = Release;
		};
/* End XCConfigurationList section */
	};
	rootObject = 8B9811CA1BED948B00F5174F /* Project object */;
}
