// !$*UTF8*$!
{
	archiveVersion = 1;
	classes = {
	};
	objectVersion = 46;
	objects = {

/* Begin PBXBuildFile section */
		0711909F11C2176A897931D7 /* Pods_Keyboard.framework in Frameworks */ = {isa = PBXBuildFile; fileRef = 471683500BC3B185EE36287C /* Pods_Keyboard.framework */; };
		712914711FB8F2A1008F05F7 /* GoogleService-Info.plist in Resources */ = {isa = PBXBuildFile; fileRef = 712914701FB8F2A1008F05F7 /* GoogleService-Info.plist */; };
		712914731FB8F2A8008F05F7 /* GoogleService-Info.plist in Resources */ = {isa = PBXBuildFile; fileRef = 712914721FB8F2A8008F05F7 /* GoogleService-Info.plist */; };
		8B3E73B31E5ADB3C00C71A23 /* Assets.xcassets in Resources */ = {isa = PBXBuildFile; fileRef = 8B3E73B21E5ADB3C00C71A23 /* Assets.xcassets */; };
		8B4422961E5AA9670010B67D /* Settings.bundle in Resources */ = {isa = PBXBuildFile; fileRef = 8B4422951E5AA9670010B67D /* Settings.bundle */; };
		8B6C1D621E72528C00D77A23 /* Extensions.swift in Sources */ = {isa = PBXBuildFile; fileRef = 8B6C1D5C1E72528C00D77A23 /* Extensions.swift */; };
		8B6C1D631E72528C00D77A23 /* Item.swift in Sources */ = {isa = PBXBuildFile; fileRef = 8B6C1D5D1E72528C00D77A23 /* Item.swift */; };
		8B6C1D651E72528C00D77A23 /* Cell.swift in Sources */ = {isa = PBXBuildFile; fileRef = 8B6C1D601E72528C00D77A23 /* Cell.swift */; };
		8B6C1D661E72528C00D77A23 /* InputView.swift in Sources */ = {isa = PBXBuildFile; fileRef = 8B6C1D611E72528C00D77A23 /* InputView.swift */; };
		8B73C68E1E5A4F43006ED423 /* AppDelegate.swift in Sources */ = {isa = PBXBuildFile; fileRef = 8B73C68D1E5A4F43006ED423 /* AppDelegate.swift */; };
		8B73C6931E5A4F43006ED423 /* Main.storyboard in Resources */ = {isa = PBXBuildFile; fileRef = 8B73C6911E5A4F43006ED423 /* Main.storyboard */; };
		8B73C6951E5A4F43006ED423 /* Assets.xcassets in Resources */ = {isa = PBXBuildFile; fileRef = 8B73C6941E5A4F43006ED423 /* Assets.xcassets */; };
		8B73C6981E5A4F43006ED423 /* LaunchScreen.storyboard in Resources */ = {isa = PBXBuildFile; fileRef = 8B73C6961E5A4F43006ED423 /* LaunchScreen.storyboard */; };
		8B73C6A61E5A50EC006ED423 /* KeyboardViewController.swift in Sources */ = {isa = PBXBuildFile; fileRef = 8B73C6A51E5A50EC006ED423 /* KeyboardViewController.swift */; };
		8B73C6AA1E5A50EC006ED423 /* Keyboard.appex in Embed App Extensions */ = {isa = PBXBuildFile; fileRef = 8B73C6A31E5A50EC006ED423 /* Keyboard.appex */; settings = {ATTRIBUTES = (RemoveHeadersOnCopy, ); }; };
		8B77C15D1E7200BB000A9750 /* InstructionsViewController.swift in Sources */ = {isa = PBXBuildFile; fileRef = 8B77C15A1E7200BB000A9750 /* InstructionsViewController.swift */; };
		8B77C15E1E7200BB000A9750 /* HomeViewController.swift in Sources */ = {isa = PBXBuildFile; fileRef = 8B77C15B1E7200BB000A9750 /* HomeViewController.swift */; };
		8B77C15F1E7200BB000A9750 /* ViewController.swift in Sources */ = {isa = PBXBuildFile; fileRef = 8B77C15C1E7200BB000A9750 /* ViewController.swift */; };
		8B77C1631E720202000A9750 /* Extensions.swift in Sources */ = {isa = PBXBuildFile; fileRef = 8B77C1611E720202000A9750 /* Extensions.swift */; };
		8B77C1641E720202000A9750 /* SharedExtensions.swift in Sources */ = {isa = PBXBuildFile; fileRef = 8B77C1621E720202000A9750 /* SharedExtensions.swift */; };
		8B77C1651E72021E000A9750 /* SharedExtensions.swift in Sources */ = {isa = PBXBuildFile; fileRef = 8B77C1621E720202000A9750 /* SharedExtensions.swift */; };
		8B9C374C1E8509AB00E100E7 /* Keyboard.swift in Sources */ = {isa = PBXBuildFile; fileRef = 8B9C374B1E8509AB00E100E7 /* Keyboard.swift */; };
		8B9C374D1E8509BF00E100E7 /* Keyboard.swift in Sources */ = {isa = PBXBuildFile; fileRef = 8B9C374B1E8509AB00E100E7 /* Keyboard.swift */; };
		8BB95C511E7F052B00D7E399 /* ThemeViewController.swift in Sources */ = {isa = PBXBuildFile; fileRef = 8BB95C501E7F052B00D7E399 /* ThemeViewController.swift */; };
		8BB95C531E7F483200D7E399 /* TableViewController.swift in Sources */ = {isa = PBXBuildFile; fileRef = 8BB95C521E7F483200D7E399 /* TableViewController.swift */; };
		8BD0D4221E9349F5000B4502 /* SwitchCell.swift in Sources */ = {isa = PBXBuildFile; fileRef = 8BD0D4211E9349F5000B4502 /* SwitchCell.swift */; };
		8BD0D4241E93522E000B4502 /* Cell.swift in Sources */ = {isa = PBXBuildFile; fileRef = 8BD0D4231E93522E000B4502 /* Cell.swift */; };
		8BD0D4261E9352C9000B4502 /* ThemeCell.swift in Sources */ = {isa = PBXBuildFile; fileRef = 8BD0D4251E9352C9000B4502 /* ThemeCell.swift */; };
		D04D430C01ED2AB1A2E327B0 /* Pods_NumPad.framework in Frameworks */ = {isa = PBXBuildFile; fileRef = 42006DA0077DB73C4D7995AF /* Pods_NumPad.framework */; };
		F41FC9031F68D0A9002FB5E5 /* UIViewController+InteractiveNavigation.swift in Sources */ = {isa = PBXBuildFile; fileRef = F41FC9011F68D0A9002FB5E5 /* UIViewController+InteractiveNavigation.swift */; };
		F41FC9041F68D0A9002FB5E5 /* InteractiveNavigationController.swift in Sources */ = {isa = PBXBuildFile; fileRef = F41FC9021F68D0A9002FB5E5 /* InteractiveNavigationController.swift */; };
		F49C4F75246E73FB001F4C5A /* RaterExtensions.swift in Sources */ = {isa = PBXBuildFile; fileRef = F49C4F74246E73FB001F4C5A /* RaterExtensions.swift */; };
		F4B5F184207059450047CB1D /* Button.swift in Sources */ = {isa = PBXBuildFile; fileRef = F4B5F183207059450047CB1D /* Button.swift */; };
		F4C612DB2362D60A0026124E /* Colors.xcassets in Resources */ = {isa = PBXBuildFile; fileRef = F4C612DA2362D60A0026124E /* Colors.xcassets */; };
		F4D784CF229E4B5D0092DEFD /* HeaderFooterView.swift in Sources */ = {isa = PBXBuildFile; fileRef = F4D784CE229E4B5D0092DEFD /* HeaderFooterView.swift */; };
		F4F5A21424A70D8000FDE9D9 /* StackView.swift in Sources */ = {isa = PBXBuildFile; fileRef = F4F5A21324A70D8000FDE9D9 /* StackView.swift */; };
/* End PBXBuildFile section */

/* Begin PBXContainerItemProxy section */
		8B73C6A81E5A50EC006ED423 /* PBXContainerItemProxy */ = {
			isa = PBXContainerItemProxy;
			containerPortal = 8B73C6821E5A4F43006ED423 /* Project object */;
			proxyType = 1;
			remoteGlobalIDString = 8B73C6A21E5A50EC006ED423;
			remoteInfo = Keyboard;
		};
/* End PBXContainerItemProxy section */

/* Begin PBXCopyFilesBuildPhase section */
		8B73C6AE1E5A50EC006ED423 /* Embed App Extensions */ = {
			isa = PBXCopyFilesBuildPhase;
			buildActionMask = 2147483647;
			dstPath = "";
			dstSubfolderSpec = 13;
			files = (
				8B73C6AA1E5A50EC006ED423 /* Keyboard.appex in Embed App Extensions */,
			);
			name = "Embed App Extensions";
			runOnlyForDeploymentPostprocessing = 0;
		};
/* End PBXCopyFilesBuildPhase section */

/* Begin PBXFileReference section */
		2155834763D4DDE0CCF7357C /* Pods-NumPad.release.xcconfig */ = {isa = PBXFileReference; includeInIndex = 1; lastKnownFileType = text.xcconfig; name = "Pods-NumPad.release.xcconfig"; path = "Target Support Files/Pods-NumPad/Pods-NumPad.release.xcconfig"; sourceTree = "<group>"; };
		27C8BE397367F5F6993AC8B7 /* Pods-Keyboard.release.xcconfig */ = {isa = PBXFileReference; includeInIndex = 1; lastKnownFileType = text.xcconfig; name = "Pods-Keyboard.release.xcconfig"; path = "Target Support Files/Pods-Keyboard/Pods-Keyboard.release.xcconfig"; sourceTree = "<group>"; };
		42006DA0077DB73C4D7995AF /* Pods_NumPad.framework */ = {isa = PBXFileReference; explicitFileType = wrapper.framework; includeInIndex = 0; path = Pods_NumPad.framework; sourceTree = BUILT_PRODUCTS_DIR; };
		471683500BC3B185EE36287C /* Pods_Keyboard.framework */ = {isa = PBXFileReference; explicitFileType = wrapper.framework; includeInIndex = 0; path = Pods_Keyboard.framework; sourceTree = BUILT_PRODUCTS_DIR; };
		712914701FB8F2A1008F05F7 /* GoogleService-Info.plist */ = {isa = PBXFileReference; fileEncoding = 4; lastKnownFileType = text.plist.xml; path = "GoogleService-Info.plist"; sourceTree = "<group>"; };
		712914721FB8F2A8008F05F7 /* GoogleService-Info.plist */ = {isa = PBXFileReference; fileEncoding = 4; lastKnownFileType = text.plist.xml; path = "GoogleService-Info.plist"; sourceTree = "<group>"; };
		8B3E73B21E5ADB3C00C71A23 /* Assets.xcassets */ = {isa = PBXFileReference; lastKnownFileType = folder.assetcatalog; path = Assets.xcassets; sourceTree = "<group>"; };
		8B4422951E5AA9670010B67D /* Settings.bundle */ = {isa = PBXFileReference; lastKnownFileType = "wrapper.plug-in"; path = Settings.bundle; sourceTree = "<group>"; };
		8B6C1D5C1E72528C00D77A23 /* Extensions.swift */ = {isa = PBXFileReference; fileEncoding = 4; lastKnownFileType = sourcecode.swift; path = Extensions.swift; sourceTree = "<group>"; };
		8B6C1D5D1E72528C00D77A23 /* Item.swift */ = {isa = PBXFileReference; fileEncoding = 4; lastKnownFileType = sourcecode.swift; path = Item.swift; sourceTree = "<group>"; };
		8B6C1D601E72528C00D77A23 /* Cell.swift */ = {isa = PBXFileReference; fileEncoding = 4; lastKnownFileType = sourcecode.swift; path = Cell.swift; sourceTree = "<group>"; };
		8B6C1D611E72528C00D77A23 /* InputView.swift */ = {isa = PBXFileReference; fileEncoding = 4; lastKnownFileType = sourcecode.swift; path = InputView.swift; sourceTree = "<group>"; };
		8B73C68A1E5A4F43006ED423 /* NumPad.app */ = {isa = PBXFileReference; explicitFileType = wrapper.application; includeInIndex = 0; path = NumPad.app; sourceTree = BUILT_PRODUCTS_DIR; };
		8B73C68D1E5A4F43006ED423 /* AppDelegate.swift */ = {isa = PBXFileReference; lastKnownFileType = sourcecode.swift; path = AppDelegate.swift; sourceTree = "<group>"; };
		8B73C6921E5A4F43006ED423 /* Base */ = {isa = PBXFileReference; lastKnownFileType = file.storyboard; name = Base; path = Base.lproj/Main.storyboard; sourceTree = "<group>"; };
		8B73C6941E5A4F43006ED423 /* Assets.xcassets */ = {isa = PBXFileReference; lastKnownFileType = folder.assetcatalog; path = Assets.xcassets; sourceTree = "<group>"; };
		8B73C6971E5A4F43006ED423 /* Base */ = {isa = PBXFileReference; lastKnownFileType = file.storyboard; name = Base; path = Base.lproj/LaunchScreen.storyboard; sourceTree = "<group>"; };
		8B73C6991E5A4F43006ED423 /* Info.plist */ = {isa = PBXFileReference; lastKnownFileType = text.plist.xml; path = Info.plist; sourceTree = "<group>"; };
		8B73C6A31E5A50EC006ED423 /* Keyboard.appex */ = {isa = PBXFileReference; explicitFileType = "wrapper.app-extension"; includeInIndex = 0; path = Keyboard.appex; sourceTree = BUILT_PRODUCTS_DIR; };
		8B73C6A51E5A50EC006ED423 /* KeyboardViewController.swift */ = {isa = PBXFileReference; lastKnownFileType = sourcecode.swift; path = KeyboardViewController.swift; sourceTree = "<group>"; };
		8B73C6A71E5A50EC006ED423 /* Info.plist */ = {isa = PBXFileReference; lastKnownFileType = text.plist.xml; path = Info.plist; sourceTree = "<group>"; };
		8B77C15A1E7200BB000A9750 /* InstructionsViewController.swift */ = {isa = PBXFileReference; fileEncoding = 4; lastKnownFileType = sourcecode.swift; path = InstructionsViewController.swift; sourceTree = "<group>"; };
		8B77C15B1E7200BB000A9750 /* HomeViewController.swift */ = {isa = PBXFileReference; fileEncoding = 4; lastKnownFileType = sourcecode.swift; path = HomeViewController.swift; sourceTree = "<group>"; };
		8B77C15C1E7200BB000A9750 /* ViewController.swift */ = {isa = PBXFileReference; fileEncoding = 4; lastKnownFileType = sourcecode.swift; path = ViewController.swift; sourceTree = "<group>"; };
		8B77C1611E720202000A9750 /* Extensions.swift */ = {isa = PBXFileReference; fileEncoding = 4; lastKnownFileType = sourcecode.swift; path = Extensions.swift; sourceTree = "<group>"; };
		8B77C1621E720202000A9750 /* SharedExtensions.swift */ = {isa = PBXFileReference; fileEncoding = 4; lastKnownFileType = sourcecode.swift; path = SharedExtensions.swift; sourceTree = "<group>"; };
		8B9C374B1E8509AB00E100E7 /* Keyboard.swift */ = {isa = PBXFileReference; fileEncoding = 4; lastKnownFileType = sourcecode.swift; path = Keyboard.swift; sourceTree = "<group>"; };
		8BA9EC361E5B99E400874A01 /* NumPad.entitlements */ = {isa = PBXFileReference; lastKnownFileType = text.plist.entitlements; path = NumPad.entitlements; sourceTree = "<group>"; };
		8BA9EC371E5B9AD400874A01 /* Keyboard.entitlements */ = {isa = PBXFileReference; lastKnownFileType = text.plist.entitlements; path = Keyboard.entitlements; sourceTree = "<group>"; };
		8BB95C501E7F052B00D7E399 /* ThemeViewController.swift */ = {isa = PBXFileReference; fileEncoding = 4; lastKnownFileType = sourcecode.swift; path = ThemeViewController.swift; sourceTree = "<group>"; };
		8BB95C521E7F483200D7E399 /* TableViewController.swift */ = {isa = PBXFileReference; fileEncoding = 4; lastKnownFileType = sourcecode.swift; path = TableViewController.swift; sourceTree = "<group>"; };
		8BD0D4211E9349F5000B4502 /* SwitchCell.swift */ = {isa = PBXFileReference; fileEncoding = 4; lastKnownFileType = sourcecode.swift; path = SwitchCell.swift; sourceTree = "<group>"; };
		8BD0D4231E93522E000B4502 /* Cell.swift */ = {isa = PBXFileReference; fileEncoding = 4; lastKnownFileType = sourcecode.swift; path = Cell.swift; sourceTree = "<group>"; };
		8BD0D4251E9352C9000B4502 /* ThemeCell.swift */ = {isa = PBXFileReference; fileEncoding = 4; lastKnownFileType = sourcecode.swift; path = ThemeCell.swift; sourceTree = "<group>"; };
		B2B9B8ABBCF9D77697E2124F /* Pods-Keyboard.debug.xcconfig */ = {isa = PBXFileReference; includeInIndex = 1; lastKnownFileType = text.xcconfig; name = "Pods-Keyboard.debug.xcconfig"; path = "Target Support Files/Pods-Keyboard/Pods-Keyboard.debug.xcconfig"; sourceTree = "<group>"; };
		B889EA98CC25EF90BB39FC1B /* Pods-NumPad.debug.xcconfig */ = {isa = PBXFileReference; includeInIndex = 1; lastKnownFileType = text.xcconfig; name = "Pods-NumPad.debug.xcconfig"; path = "Target Support Files/Pods-NumPad/Pods-NumPad.debug.xcconfig"; sourceTree = "<group>"; };
		F41FC9011F68D0A9002FB5E5 /* UIViewController+InteractiveNavigation.swift */ = {isa = PBXFileReference; fileEncoding = 4; lastKnownFileType = sourcecode.swift; path = "UIViewController+InteractiveNavigation.swift"; sourceTree = "<group>"; };
		F41FC9021F68D0A9002FB5E5 /* InteractiveNavigationController.swift */ = {isa = PBXFileReference; fileEncoding = 4; lastKnownFileType = sourcecode.swift; path = InteractiveNavigationController.swift; sourceTree = "<group>"; };
		F49C4F74246E73FB001F4C5A /* RaterExtensions.swift */ = {isa = PBXFileReference; lastKnownFileType = sourcecode.swift; path = RaterExtensions.swift; sourceTree = "<group>"; };
		F4B5F183207059450047CB1D /* Button.swift */ = {isa = PBXFileReference; lastKnownFileType = sourcecode.swift; path = Button.swift; sourceTree = "<group>"; };
		F4C612DA2362D60A0026124E /* Colors.xcassets */ = {isa = PBXFileReference; lastKnownFileType = folder.assetcatalog; path = Colors.xcassets; sourceTree = "<group>"; };
		F4D784CE229E4B5D0092DEFD /* HeaderFooterView.swift */ = {isa = PBXFileReference; lastKnownFileType = sourcecode.swift; path = HeaderFooterView.swift; sourceTree = "<group>"; };
		F4F5A21324A70D8000FDE9D9 /* StackView.swift */ = {isa = PBXFileReference; lastKnownFileType = sourcecode.swift; path = StackView.swift; sourceTree = "<group>"; };
/* End PBXFileReference section */

/* Begin PBXFrameworksBuildPhase section */
		8B73C6871E5A4F43006ED423 /* Frameworks */ = {
			isa = PBXFrameworksBuildPhase;
			buildActionMask = 2147483647;
			files = (
				D04D430C01ED2AB1A2E327B0 /* Pods_NumPad.framework in Frameworks */,
			);
			runOnlyForDeploymentPostprocessing = 0;
		};
		8B73C6A01E5A50EC006ED423 /* Frameworks */ = {
			isa = PBXFrameworksBuildPhase;
			buildActionMask = 2147483647;
			files = (
				0711909F11C2176A897931D7 /* Pods_Keyboard.framework in Frameworks */,
			);
			runOnlyForDeploymentPostprocessing = 0;
		};
/* End PBXFrameworksBuildPhase section */

/* Begin PBXGroup section */
		5E0A84AFD716B4267CF3143A /* Frameworks */ = {
			isa = PBXGroup;
			children = (
				471683500BC3B185EE36287C /* Pods_Keyboard.framework */,
				42006DA0077DB73C4D7995AF /* Pods_NumPad.framework */,
			);
			name = Frameworks;
			sourceTree = "<group>";
		};
		7ABD98E686E7DE60445B9678 /* Pods */ = {
			isa = PBXGroup;
			children = (
				B2B9B8ABBCF9D77697E2124F /* Pods-Keyboard.debug.xcconfig */,
				27C8BE397367F5F6993AC8B7 /* Pods-Keyboard.release.xcconfig */,
				B889EA98CC25EF90BB39FC1B /* Pods-NumPad.debug.xcconfig */,
				2155834763D4DDE0CCF7357C /* Pods-NumPad.release.xcconfig */,
			);
			path = Pods;
			sourceTree = "<group>";
		};
		8B6C1D5B1E72528C00D77A23 /* Libraries */ = {
			isa = PBXGroup;
			children = (
				8B6C1D5C1E72528C00D77A23 /* Extensions.swift */,
				8B6C1D5D1E72528C00D77A23 /* Item.swift */,
			);
			path = Libraries;
			sourceTree = "<group>";
		};
		8B6C1D5F1E72528C00D77A23 /* Views */ = {
			isa = PBXGroup;
			children = (
				F4B5F183207059450047CB1D /* Button.swift */,
				8B6C1D601E72528C00D77A23 /* Cell.swift */,
				8B6C1D611E72528C00D77A23 /* InputView.swift */,
				F4F5A21324A70D8000FDE9D9 /* StackView.swift */,
			);
			path = Views;
			sourceTree = "<group>";
		};
		8B73C6811E5A4F43006ED423 = {
			isa = PBXGroup;
			children = (
				8B73C68C1E5A4F43006ED423 /* NumPad */,
				8B73C6A41E5A50EC006ED423 /* Keyboard */,
				8B73C68B1E5A4F43006ED423 /* Products */,
				7ABD98E686E7DE60445B9678 /* Pods */,
				5E0A84AFD716B4267CF3143A /* Frameworks */,
			);
			sourceTree = "<group>";
		};
		8B73C68B1E5A4F43006ED423 /* Products */ = {
			isa = PBXGroup;
			children = (
				8B73C68A1E5A4F43006ED423 /* NumPad.app */,
				8B73C6A31E5A50EC006ED423 /* Keyboard.appex */,
			);
			name = Products;
			sourceTree = "<group>";
		};
		8B73C68C1E5A4F43006ED423 /* NumPad */ = {
			isa = PBXGroup;
			children = (
				8B73C68D1E5A4F43006ED423 /* AppDelegate.swift */,
				8B73C6941E5A4F43006ED423 /* Assets.xcassets */,
				F4C612DA2362D60A0026124E /* Colors.xcassets */,
				8B77C1591E7200BB000A9750 /* Controllers */,
				F41FC9001F68D0A9002FB5E5 /* ExternalLibraries */,
				8B73C6991E5A4F43006ED423 /* Info.plist */,
				712914701FB8F2A1008F05F7 /* GoogleService-Info.plist */,
				8B73C6961E5A4F43006ED423 /* LaunchScreen.storyboard */,
				8B77C1601E720202000A9750 /* Libraries */,
				8B73C6911E5A4F43006ED423 /* Main.storyboard */,
				8BA9EC361E5B99E400874A01 /* NumPad.entitlements */,
				8B4422951E5AA9670010B67D /* Settings.bundle */,
				8BD0D4201E9349D4000B4502 /* Views */,
			);
			path = NumPad;
			sourceTree = "<group>";
		};
		8B73C6A41E5A50EC006ED423 /* Keyboard */ = {
			isa = PBXGroup;
			children = (
				8B3E73B21E5ADB3C00C71A23 /* Assets.xcassets */,
				8B73C6A71E5A50EC006ED423 /* Info.plist */,
				712914721FB8F2A8008F05F7 /* GoogleService-Info.plist */,
				8BA9EC371E5B9AD400874A01 /* Keyboard.entitlements */,
				8B73C6A51E5A50EC006ED423 /* KeyboardViewController.swift */,
				8B6C1D5B1E72528C00D77A23 /* Libraries */,
				8B6C1D5F1E72528C00D77A23 /* Views */,
			);
			path = Keyboard;
			sourceTree = "<group>";
		};
		8B77C1591E7200BB000A9750 /* Controllers */ = {
			isa = PBXGroup;
			children = (
				8B77C15B1E7200BB000A9750 /* HomeViewController.swift */,
				8B77C15A1E7200BB000A9750 /* InstructionsViewController.swift */,
				8BB95C521E7F483200D7E399 /* TableViewController.swift */,
				8BB95C501E7F052B00D7E399 /* ThemeViewController.swift */,
				8B77C15C1E7200BB000A9750 /* ViewController.swift */,
			);
			path = Controllers;
			sourceTree = "<group>";
		};
		8B77C1601E720202000A9750 /* Libraries */ = {
			isa = PBXGroup;
			children = (
				8B77C1611E720202000A9750 /* Extensions.swift */,
				8B9C374B1E8509AB00E100E7 /* Keyboard.swift */,
				8B77C1621E720202000A9750 /* SharedExtensions.swift */,
				F49C4F74246E73FB001F4C5A /* RaterExtensions.swift */,
			);
			path = Libraries;
			sourceTree = "<group>";
		};
		8BD0D4201E9349D4000B4502 /* Views */ = {
			isa = PBXGroup;
			children = (
				8BD0D4231E93522E000B4502 /* Cell.swift */,
				8BD0D4211E9349F5000B4502 /* SwitchCell.swift */,
				8BD0D4251E9352C9000B4502 /* ThemeCell.swift */,
				F4D784CE229E4B5D0092DEFD /* HeaderFooterView.swift */,
			);
			path = Views;
			sourceTree = "<group>";
		};
		F41FC9001F68D0A9002FB5E5 /* ExternalLibraries */ = {
			isa = PBXGroup;
			children = (
				F41FC9021F68D0A9002FB5E5 /* InteractiveNavigationController.swift */,
				F41FC9011F68D0A9002FB5E5 /* UIViewController+InteractiveNavigation.swift */,
			);
			path = ExternalLibraries;
			sourceTree = "<group>";
		};
/* End PBXGroup section */

/* Begin PBXNativeTarget section */
		8B73C6891E5A4F43006ED423 /* NumPad */ = {
			isa = PBXNativeTarget;
			buildConfigurationList = 8B73C69C1E5A4F43006ED423 /* Build configuration list for PBXNativeTarget "NumPad" */;
			buildPhases = (
				8FDAA217B75B522359D78C9D /* [CP] Check Pods Manifest.lock */,
				8B73C6861E5A4F43006ED423 /* Sources */,
				8B73C6871E5A4F43006ED423 /* Frameworks */,
				8B73C6881E5A4F43006ED423 /* Resources */,
				8B73C6AE1E5A50EC006ED423 /* Embed App Extensions */,
				8BDFE6911E5A562D00EFACF3 /* ShellScript */,
			);
			buildRules = (
			);
			dependencies = (
				8B73C6A91E5A50EC006ED423 /* PBXTargetDependency */,
			);
			name = NumPad;
			productName = NumPad;
			productReference = 8B73C68A1E5A4F43006ED423 /* NumPad.app */;
			productType = "com.apple.product-type.application";
		};
		8B73C6A21E5A50EC006ED423 /* Keyboard */ = {
			isa = PBXNativeTarget;
			buildConfigurationList = 8B73C6AB1E5A50EC006ED423 /* Build configuration list for PBXNativeTarget "Keyboard" */;
			buildPhases = (
				1528773E1397444E468901FE /* [CP] Check Pods Manifest.lock */,
				8B73C69F1E5A50EC006ED423 /* Sources */,
				8B73C6A01E5A50EC006ED423 /* Frameworks */,
				8B73C6A11E5A50EC006ED423 /* Resources */,
				8B0991E01E5AE92B00D1B259 /* ShellScript */,
			);
			buildRules = (
			);
			dependencies = (
			);
			name = Keyboard;
			productName = Keyboard;
			productReference = 8B73C6A31E5A50EC006ED423 /* Keyboard.appex */;
			productType = "com.apple.product-type.app-extension";
		};
/* End PBXNativeTarget section */

/* Begin PBXProject section */
		8B73C6821E5A4F43006ED423 /* Project object */ = {
			isa = PBXProject;
			attributes = {
				LastSwiftUpdateCheck = 0820;
				LastUpgradeCheck = 1020;
				ORGANIZATIONNAME = MoreVoltage;
				TargetAttributes = {
					8B73C6891E5A4F43006ED423 = {
						CreatedOnToolsVersion = 8.2;
						DevelopmentTeam = NNRNHY2N8B;
						LastSwiftMigration = 1020;
						SystemCapabilities = {
							com.apple.ApplicationGroups.iOS = {
								enabled = 1;
							};
							com.apple.InAppPurchase = {
								enabled = 0;
							};
						};
					};
					8B73C6A21E5A50EC006ED423 = {
						CreatedOnToolsVersion = 8.2;
						DevelopmentTeam = NNRNHY2N8B;
						LastSwiftMigration = 1020;
						SystemCapabilities = {
							com.apple.ApplicationGroups.iOS = {
								enabled = 1;
							};
						};
					};
				};
			};
			buildConfigurationList = 8B73C6851E5A4F43006ED423 /* Build configuration list for PBXProject "NumPad" */;
			compatibilityVersion = "Xcode 3.2";
			developmentRegion = en;
			hasScannedForEncodings = 0;
			knownRegions = (
				Base,
				en,
			);
			mainGroup = 8B73C6811E5A4F43006ED423;
			productRefGroup = 8B73C68B1E5A4F43006ED423 /* Products */;
			projectDirPath = "";
			projectRoot = "";
			targets = (
				8B73C6891E5A4F43006ED423 /* NumPad */,
				8B73C6A21E5A50EC006ED423 /* Keyboard */,
			);
		};
/* End PBXProject section */

/* Begin PBXResourcesBuildPhase section */
		8B73C6881E5A4F43006ED423 /* Resources */ = {
			isa = PBXResourcesBuildPhase;
			buildActionMask = 2147483647;
			files = (
				8B4422961E5AA9670010B67D /* Settings.bundle in Resources */,
				8B73C6981E5A4F43006ED423 /* LaunchScreen.storyboard in Resources */,
				712914711FB8F2A1008F05F7 /* GoogleService-Info.plist in Resources */,
				F4C612DB2362D60A0026124E /* Colors.xcassets in Resources */,
				8B73C6951E5A4F43006ED423 /* Assets.xcassets in Resources */,
				8B73C6931E5A4F43006ED423 /* Main.storyboard in Resources */,
			);
			runOnlyForDeploymentPostprocessing = 0;
		};
		8B73C6A11E5A50EC006ED423 /* Resources */ = {
			isa = PBXResourcesBuildPhase;
			buildActionMask = 2147483647;
			files = (
				8B3E73B31E5ADB3C00C71A23 /* Assets.xcassets in Resources */,
				712914731FB8F2A8008F05F7 /* GoogleService-Info.plist in Resources */,
			);
			runOnlyForDeploymentPostprocessing = 0;
		};
/* End PBXResourcesBuildPhase section */

/* Begin PBXShellScriptBuildPhase section */
		1528773E1397444E468901FE /* [CP] Check Pods Manifest.lock */ = {
			isa = PBXShellScriptBuildPhase;
			buildActionMask = 2147483647;
			files = (
			);
			inputFileListPaths = (
			);
			inputPaths = (
				"${PODS_PODFILE_DIR_PATH}/Podfile.lock",
				"${PODS_ROOT}/Manifest.lock",
			);
			name = "[CP] Check Pods Manifest.lock";
			outputFileListPaths = (
			);
			outputPaths = (
				"$(DERIVED_FILE_DIR)/Pods-Keyboard-checkManifestLockResult.txt",
			);
			runOnlyForDeploymentPostprocessing = 0;
			shellPath = /bin/sh;
			shellScript = "diff \"${PODS_PODFILE_DIR_PATH}/Podfile.lock\" \"${PODS_ROOT}/Manifest.lock\" > /dev/null\nif [ $? != 0 ] ; then\n    # print error to STDERR\n    echo \"error: The sandbox is not in sync with the Podfile.lock. Run 'pod install' or update your CocoaPods installation.\" >&2\n    exit 1\nfi\n# This output is used by Xcode 'outputs' to avoid re-running this script phase.\necho \"SUCCESS\" > \"${SCRIPT_OUTPUT_FILE_0}\"\n";
			showEnvVarsInLog = 0;
		};
		8B0991E01E5AE92B00D1B259 /* ShellScript */ = {
			isa = PBXShellScriptBuildPhase;
			buildActionMask = 2147483647;
			files = (
			);
			inputPaths = (
			);
			outputPaths = (
			);
			runOnlyForDeploymentPostprocessing = 0;
			shellPath = /bin/sh;
			shellScript = "\"${PODS_ROOT}/FirebaseCrashlytics/run\"\n";
		};
		8BDFE6911E5A562D00EFACF3 /* ShellScript */ = {
			isa = PBXShellScriptBuildPhase;
			buildActionMask = 2147483647;
			files = (
			);
			inputPaths = (
			);
			outputPaths = (
			);
			runOnlyForDeploymentPostprocessing = 0;
			shellPath = /bin/sh;
			shellScript = "\"${PODS_ROOT}/FirebaseCrashlytics/run\"\n";
		};
		8FDAA217B75B522359D78C9D /* [CP] Check Pods Manifest.lock */ = {
			isa = PBXShellScriptBuildPhase;
			buildActionMask = 2147483647;
			files = (
			);
			inputFileListPaths = (
			);
			inputPaths = (
				"${PODS_PODFILE_DIR_PATH}/Podfile.lock",
				"${PODS_ROOT}/Manifest.lock",
			);
			name = "[CP] Check Pods Manifest.lock";
			outputFileListPaths = (
			);
			outputPaths = (
				"$(DERIVED_FILE_DIR)/Pods-NumPad-checkManifestLockResult.txt",
			);
			runOnlyForDeploymentPostprocessing = 0;
			shellPath = /bin/sh;
			shellScript = "diff \"${PODS_PODFILE_DIR_PATH}/Podfile.lock\" \"${PODS_ROOT}/Manifest.lock\" > /dev/null\nif [ $? != 0 ] ; then\n    # print error to STDERR\n    echo \"error: The sandbox is not in sync with the Podfile.lock. Run 'pod install' or update your CocoaPods installation.\" >&2\n    exit 1\nfi\n# This output is used by Xcode 'outputs' to avoid re-running this script phase.\necho \"SUCCESS\" > \"${SCRIPT_OUTPUT_FILE_0}\"\n";
			showEnvVarsInLog = 0;
		};
/* End PBXShellScriptBuildPhase section */

/* Begin PBXSourcesBuildPhase section */
		8B73C6861E5A4F43006ED423 /* Sources */ = {
			isa = PBXSourcesBuildPhase;
			buildActionMask = 2147483647;
			files = (
				F41FC9041F68D0A9002FB5E5 /* InteractiveNavigationController.swift in Sources */,
				8B77C1631E720202000A9750 /* Extensions.swift in Sources */,
				8B77C15F1E7200BB000A9750 /* ViewController.swift in Sources */,
				8BB95C511E7F052B00D7E399 /* ThemeViewController.swift in Sources */,
				8BB95C531E7F483200D7E399 /* TableViewController.swift in Sources */,
				8B9C374C1E8509AB00E100E7 /* Keyboard.swift in Sources */,
				8BD0D4261E9352C9000B4502 /* ThemeCell.swift in Sources */,
				8B77C1641E720202000A9750 /* SharedExtensions.swift in Sources */,
				8B73C68E1E5A4F43006ED423 /* AppDelegate.swift in Sources */,
				F41FC9031F68D0A9002FB5E5 /* UIViewController+InteractiveNavigation.swift in Sources */,
				8BD0D4221E9349F5000B4502 /* SwitchCell.swift in Sources */,
				8BD0D4241E93522E000B4502 /* Cell.swift in Sources */,
				F4D784CF229E4B5D0092DEFD /* HeaderFooterView.swift in Sources */,
				8B77C15D1E7200BB000A9750 /* InstructionsViewController.swift in Sources */,
				F49C4F75246E73FB001F4C5A /* RaterExtensions.swift in Sources */,
				8B77C15E1E7200BB000A9750 /* HomeViewController.swift in Sources */,
			);
			runOnlyForDeploymentPostprocessing = 0;
		};
		8B73C69F1E5A50EC006ED423 /* Sources */ = {
			isa = PBXSourcesBuildPhase;
			buildActionMask = 2147483647;
			files = (
				8B6C1D631E72528C00D77A23 /* Item.swift in Sources */,
				8B6C1D661E72528C00D77A23 /* InputView.swift in Sources */,
				8B9C374D1E8509BF00E100E7 /* Keyboard.swift in Sources */,
				F4B5F184207059450047CB1D /* Button.swift in Sources */,
				8B77C1651E72021E000A9750 /* SharedExtensions.swift in Sources */,
				F4F5A21424A70D8000FDE9D9 /* StackView.swift in Sources */,
				8B6C1D621E72528C00D77A23 /* Extensions.swift in Sources */,
				8B73C6A61E5A50EC006ED423 /* KeyboardViewController.swift in Sources */,
				8B6C1D651E72528C00D77A23 /* Cell.swift in Sources */,
			);
			runOnlyForDeploymentPostprocessing = 0;
		};
/* End PBXSourcesBuildPhase section */

/* Begin PBXTargetDependency section */
		8B73C6A91E5A50EC006ED423 /* PBXTargetDependency */ = {
			isa = PBXTargetDependency;
			target = 8B73C6A21E5A50EC006ED423 /* Keyboard */;
			targetProxy = 8B73C6A81E5A50EC006ED423 /* PBXContainerItemProxy */;
		};
/* End PBXTargetDependency section */

/* Begin PBXVariantGroup section */
		8B73C6911E5A4F43006ED423 /* Main.storyboard */ = {
			isa = PBXVariantGroup;
			children = (
				8B73C6921E5A4F43006ED423 /* Base */,
			);
			name = Main.storyboard;
			sourceTree = "<group>";
		};
		8B73C6961E5A4F43006ED423 /* LaunchScreen.storyboard */ = {
			isa = PBXVariantGroup;
			children = (
				8B73C6971E5A4F43006ED423 /* Base */,
			);
			name = LaunchScreen.storyboard;
			sourceTree = "<group>";
		};
/* End PBXVariantGroup section */

/* Begin XCBuildConfiguration section */
		8B73C69A1E5A4F43006ED423 /* Debug */ = {
			isa = XCBuildConfiguration;
			buildSettings = {
				ALWAYS_SEARCH_USER_PATHS = NO;
				CLANG_ANALYZER_NONNULL = YES;
				CLANG_CXX_LANGUAGE_STANDARD = "gnu++0x";
				CLANG_CXX_LIBRARY = "libc++";
				CLANG_ENABLE_MODULES = YES;
				CLANG_ENABLE_OBJC_ARC = YES;
				CLANG_WARN_BLOCK_CAPTURE_AUTORELEASING = YES;
				CLANG_WARN_BOOL_CONVERSION = YES;
				CLANG_WARN_COMMA = YES;
				CLANG_WARN_CONSTANT_CONVERSION = YES;
				CLANG_WARN_DEPRECATED_OBJC_IMPLEMENTATIONS = YES;
				CLANG_WARN_DIRECT_OBJC_ISA_USAGE = YES_ERROR;
				CLANG_WARN_DOCUMENTATION_COMMENTS = YES;
				CLANG_WARN_EMPTY_BODY = YES;
				CLANG_WARN_ENUM_CONVERSION = YES;
				CLANG_WARN_INFINITE_RECURSION = YES;
				CLANG_WARN_INT_CONVERSION = YES;
				CLANG_WARN_NON_LITERAL_NULL_CONVERSION = YES;
				CLANG_WARN_OBJC_IMPLICIT_RETAIN_SELF = YES;
				CLANG_WARN_OBJC_LITERAL_CONVERSION = YES;
				CLANG_WARN_OBJC_ROOT_CLASS = YES_ERROR;
				CLANG_WARN_RANGE_LOOP_ANALYSIS = YES;
				CLANG_WARN_STRICT_PROTOTYPES = YES;
				CLANG_WARN_SUSPICIOUS_MOVE = YES;
				CLANG_WARN_UNREACHABLE_CODE = YES;
				CLANG_WARN__DUPLICATE_METHOD_MATCH = YES;
				"CODE_SIGN_IDENTITY[sdk=iphoneos*]" = "iPhone Developer";
				COPY_PHASE_STRIP = NO;
				DEBUG_INFORMATION_FORMAT = "dwarf-with-dsym";
				ENABLE_STRICT_OBJC_MSGSEND = YES;
				ENABLE_TESTABILITY = YES;
				GCC_C_LANGUAGE_STANDARD = gnu99;
				GCC_DYNAMIC_NO_PIC = NO;
				GCC_NO_COMMON_BLOCKS = YES;
				GCC_OPTIMIZATION_LEVEL = 0;
				GCC_PREPROCESSOR_DEFINITIONS = (
					"DEBUG=1",
					"$(inherited)",
				);
				GCC_WARN_64_TO_32_BIT_CONVERSION = YES;
				GCC_WARN_ABOUT_RETURN_TYPE = YES_ERROR;
				GCC_WARN_UNDECLARED_SELECTOR = YES;
				GCC_WARN_UNINITIALIZED_AUTOS = YES_AGGRESSIVE;
				GCC_WARN_UNUSED_FUNCTION = YES;
				GCC_WARN_UNUSED_VARIABLE = YES;
				IPHONEOS_DEPLOYMENT_TARGET = 11.0;
				MTL_ENABLE_DEBUG_INFO = YES;
				ONLY_ACTIVE_ARCH = YES;
				OTHER_SWIFT_FLAGS = "-Xfrontend -warn-long-function-bodies=200 -Xfrontend -warn-long-expression-type-checking=200";
				SDKROOT = iphoneos;
				SWIFT_ACTIVE_COMPILATION_CONDITIONS = DEBUG;
				SWIFT_OPTIMIZATION_LEVEL = "-Onone";
				SWIFT_VERSION = 5.0;
				TARGETED_DEVICE_FAMILY = "1,2";
			};
			name = Debug;
		};
		8B73C69B1E5A4F43006ED423 /* Release */ = {
			isa = XCBuildConfiguration;
			buildSettings = {
				ALWAYS_SEARCH_USER_PATHS = NO;
				CLANG_ANALYZER_NONNULL = YES;
				CLANG_CXX_LANGUAGE_STANDARD = "gnu++0x";
				CLANG_CXX_LIBRARY = "libc++";
				CLANG_ENABLE_MODULES = YES;
				CLANG_ENABLE_OBJC_ARC = YES;
				CLANG_WARN_BLOCK_CAPTURE_AUTORELEASING = YES;
				CLANG_WARN_BOOL_CONVERSION = YES;
				CLANG_WARN_COMMA = YES;
				CLANG_WARN_CONSTANT_CONVERSION = YES;
				CLANG_WARN_DEPRECATED_OBJC_IMPLEMENTATIONS = YES;
				CLANG_WARN_DIRECT_OBJC_ISA_USAGE = YES_ERROR;
				CLANG_WARN_DOCUMENTATION_COMMENTS = YES;
				CLANG_WARN_EMPTY_BODY = YES;
				CLANG_WARN_ENUM_CONVERSION = YES;
				CLANG_WARN_INFINITE_RECURSION = YES;
				CLANG_WARN_INT_CONVERSION = YES;
				CLANG_WARN_NON_LITERAL_NULL_CONVERSION = YES;
				CLANG_WARN_OBJC_IMPLICIT_RETAIN_SELF = YES;
				CLANG_WARN_OBJC_LITERAL_CONVERSION = YES;
				CLANG_WARN_OBJC_ROOT_CLASS = YES_ERROR;
				CLANG_WARN_RANGE_LOOP_ANALYSIS = YES;
				CLANG_WARN_STRICT_PROTOTYPES = YES;
				CLANG_WARN_SUSPICIOUS_MOVE = YES;
				CLANG_WARN_UNREACHABLE_CODE = YES;
				CLANG_WARN__DUPLICATE_METHOD_MATCH = YES;
				"CODE_SIGN_IDENTITY[sdk=iphoneos*]" = "iPhone Developer";
				COPY_PHASE_STRIP = NO;
				DEBUG_INFORMATION_FORMAT = "dwarf-with-dsym";
				ENABLE_NS_ASSERTIONS = NO;
				ENABLE_STRICT_OBJC_MSGSEND = YES;
				GCC_C_LANGUAGE_STANDARD = gnu99;
				GCC_NO_COMMON_BLOCKS = YES;
				GCC_WARN_64_TO_32_BIT_CONVERSION = YES;
				GCC_WARN_ABOUT_RETURN_TYPE = YES_ERROR;
				GCC_WARN_UNDECLARED_SELECTOR = YES;
				GCC_WARN_UNINITIALIZED_AUTOS = YES_AGGRESSIVE;
				GCC_WARN_UNUSED_FUNCTION = YES;
				GCC_WARN_UNUSED_VARIABLE = YES;
				IPHONEOS_DEPLOYMENT_TARGET = 11.0;
				MTL_ENABLE_DEBUG_INFO = NO;
				OTHER_SWIFT_FLAGS = "";
				SDKROOT = iphoneos;
				SWIFT_OPTIMIZATION_LEVEL = "-Owholemodule";
				SWIFT_VERSION = 5.0;
				TARGETED_DEVICE_FAMILY = "1,2";
				VALIDATE_PRODUCT = YES;
			};
			name = Release;
		};
		8B73C69D1E5A4F43006ED423 /* Debug */ = {
			isa = XCBuildConfiguration;
			baseConfigurationReference = B889EA98CC25EF90BB39FC1B /* Pods-NumPad.debug.xcconfig */;
			buildSettings = {
				ASSETCATALOG_COMPILER_APPICON_NAME = AppIcon;
				CODE_SIGN_ENTITLEMENTS = NumPad/NumPad.entitlements;
				CURRENT_PROJECT_VERSION = 80;
				DEVELOPMENT_TEAM = NNRNHY2N8B;
				INFOPLIST_FILE = NumPad/Info.plist;
				LD_RUNPATH_SEARCH_PATHS = "$(inherited) @executable_path/Frameworks";
				MARKETING_VERSION = 1.2.12;
				PRODUCT_BUNDLE_IDENTIFIER = com.morevoltage.NumPad;
				PRODUCT_NAME = "$(TARGET_NAME)";
			};
			name = Debug;
		};
		8B73C69E1E5A4F43006ED423 /* Release */ = {
			isa = XCBuildConfiguration;
			baseConfigurationReference = 2155834763D4DDE0CCF7357C /* Pods-NumPad.release.xcconfig */;
			buildSettings = {
				ASSETCATALOG_COMPILER_APPICON_NAME = AppIcon;
				CODE_SIGN_ENTITLEMENTS = NumPad/NumPad.entitlements;
				CURRENT_PROJECT_VERSION = 80;
				DEVELOPMENT_TEAM = NNRNHY2N8B;
				INFOPLIST_FILE = NumPad/Info.plist;
				LD_RUNPATH_SEARCH_PATHS = "$(inherited) @executable_path/Frameworks";
				MARKETING_VERSION = 1.2.12;
				PRODUCT_BUNDLE_IDENTIFIER = com.morevoltage.NumPad;
				PRODUCT_NAME = "$(TARGET_NAME)";
			};
			name = Release;
		};
		8B73C6AC1E5A50EC006ED423 /* Debug */ = {
			isa = XCBuildConfiguration;
			baseConfigurationReference = B2B9B8ABBCF9D77697E2124F /* Pods-Keyboard.debug.xcconfig */;
			buildSettings = {
				CODE_SIGN_ENTITLEMENTS = Keyboard/Keyboard.entitlements;
				CURRENT_PROJECT_VERSION = 80;
				DEVELOPMENT_TEAM = NNRNHY2N8B;
				INFOPLIST_FILE = Keyboard/Info.plist;
				LD_RUNPATH_SEARCH_PATHS = "$(inherited) @executable_path/Frameworks @executable_path/../../Frameworks";
				MARKETING_VERSION = 1.2.12;
				PRODUCT_BUNDLE_IDENTIFIER = com.morevoltage.NumPad.Keyboard;
				PRODUCT_NAME = "$(TARGET_NAME)";
				SKIP_INSTALL = YES;
			};
			name = Debug;
		};
		8B73C6AD1E5A50EC006ED423 /* Release */ = {
			isa = XCBuildConfiguration;
			baseConfigurationReference = 27C8BE397367F5F6993AC8B7 /* Pods-Keyboard.release.xcconfig */;
			buildSettings = {
				CODE_SIGN_ENTITLEMENTS = Keyboard/Keyboard.entitlements;
				CURRENT_PROJECT_VERSION = 80;
				DEVELOPMENT_TEAM = NNRNHY2N8B;
				INFOPLIST_FILE = Keyboard/Info.plist;
				LD_RUNPATH_SEARCH_PATHS = "$(inherited) @executable_path/Frameworks @executable_path/../../Frameworks";
				MARKETING_VERSION = 1.2.12;
				PRODUCT_BUNDLE_IDENTIFIER = com.morevoltage.NumPad.Keyboard;
				PRODUCT_NAME = "$(TARGET_NAME)";
				SKIP_INSTALL = YES;
			};
			name = Release;
		};
/* End XCBuildConfiguration section */

/* Begin XCConfigurationList section */
		8B73C6851E5A4F43006ED423 /* Build configuration list for PBXProject "NumPad" */ = {
			isa = XCConfigurationList;
			buildConfigurations = (
				8B73C69A1E5A4F43006ED423 /* Debug */,
				8B73C69B1E5A4F43006ED423 /* Release */,
			);
			defaultConfigurationIsVisible = 0;
			defaultConfigurationName = Release;
		};
		8B73C69C1E5A4F43006ED423 /* Build configuration list for PBXNativeTarget "NumPad" */ = {
			isa = XCConfigurationList;
			buildConfigurations = (
				8B73C69D1E5A4F43006ED423 /* Debug */,
				8B73C69E1E5A4F43006ED423 /* Release */,
			);
			defaultConfigurationIsVisible = 0;
			defaultConfigurationName = Release;
		};
		8B73C6AB1E5A50EC006ED423 /* Build configuration list for PBXNativeTarget "Keyboard" */ = {
			isa = XCConfigurationList;
			buildConfigurations = (
				8B73C6AC1E5A50EC006ED423 /* Debug */,
				8B73C6AD1E5A50EC006ED423 /* Release */,
			);
			defaultConfigurationIsVisible = 0;
			defaultConfigurationName = Release;
		};
/* End XCConfigurationList section */
	};
	rootObject = 8B73C6821E5A4F43006ED423 /* Project object */;
}
