// !$*UTF8*$!
{
	archiveVersion = 1;
	classes = {
	};
	objectVersion = 46;
	objects = {

/* Begin PBXBuildFile section */
		8B378E001C4C690600D53943 /* AppDelegate.swift in Sources */ = {isa = PBXBuildFile; fileRef = 8B378DFF1C4C690600D53943 /* AppDelegate.swift */; };
		8B378E021C4C690600D53943 /* ViewController.swift in Sources */ = {isa = PBXBuildFile; fileRef = 8B378E011C4C690600D53943 /* ViewController.swift */; };
		8B378E051C4C690600D53943 /* Main.storyboard in Resources */ = {isa = PBXBuildFile; fileRef = 8B378E031C4C690600D53943 /* Main.storyboard */; };
		8B378E071C4C690600D53943 /* Assets.xcassets in Resources */ = {isa = PBXBuildFile; fileRef = 8B378E061C4C690600D53943 /* Assets.xcassets */; };
		8B378E0A1C4C690600D53943 /* LaunchScreen.storyboard in Resources */ = {isa = PBXBuildFile; fileRef = 8B378E081C4C690600D53943 /* LaunchScreen.storyboard */; };
		8B378E181C4C692100D53943 /* KeyboardViewController.swift in Sources */ = {isa = PBXBuildFile; fileRef = 8B378E171C4C692100D53943 /* KeyboardViewController.swift */; };
		8B378E1C1C4C692100D53943 /* Keyboard.appex in Embed App Extensions */ = {isa = PBXBuildFile; fileRef = 8B378E151C4C692100D53943 /* Keyboard.appex */; settings = {ATTRIBUTES = (RemoveHeadersOnCopy, ); }; };
		8B378E221C4C6B7A00D53943 /* Assets.xcassets in Resources */ = {isa = PBXBuildFile; fileRef = 8B378E211C4C6B7A00D53943 /* Assets.xcassets */; };
/* End PBXBuildFile section */

/* Begin PBXContainerItemProxy section */
		8B378E1A1C4C692100D53943 /* PBXContainerItemProxy */ = {
			isa = PBXContainerItemProxy;
			containerPortal = 8B378DF41C4C690600D53943 /* Project object */;
			proxyType = 1;
			remoteGlobalIDString = 8B378E141C4C692100D53943;
			remoteInfo = Keyboard;
		};
/* End PBXContainerItemProxy section */

/* Begin PBXCopyFilesBuildPhase section */
		8B378E201C4C692100D53943 /* Embed App Extensions */ = {
			isa = PBXCopyFilesBuildPhase;
			buildActionMask = 2147483647;
			dstPath = "";
			dstSubfolderSpec = 13;
			files = (
				8B378E1C1C4C692100D53943 /* Keyboard.appex in Embed App Extensions */,
			);
			name = "Embed App Extensions";
			runOnlyForDeploymentPostprocessing = 0;
		};
/* End PBXCopyFilesBuildPhase section */

/* Begin PBXFileReference section */
		8B378DFC1C4C690600D53943 /* NumPadApp.app */ = {isa = PBXFileReference; explicitFileType = wrapper.application; includeInIndex = 0; path = NumPadApp.app; sourceTree = BUILT_PRODUCTS_DIR; };
		8B378DFF1C4C690600D53943 /* AppDelegate.swift */ = {isa = PBXFileReference; lastKnownFileType = sourcecode.swift; path = AppDelegate.swift; sourceTree = "<group>"; };
		8B378E011C4C690600D53943 /* ViewController.swift */ = {isa = PBXFileReference; lastKnownFileType = sourcecode.swift; path = ViewController.swift; sourceTree = "<group>"; };
		8B378E041C4C690600D53943 /* Base */ = {isa = PBXFileReference; lastKnownFileType = file.storyboard; name = Base; path = Base.lproj/Main.storyboard; sourceTree = "<group>"; };
		8B378E061C4C690600D53943 /* Assets.xcassets */ = {isa = PBXFileReference; lastKnownFileType = folder.assetcatalog; path = Assets.xcassets; sourceTree = "<group>"; };
		8B378E091C4C690600D53943 /* Base */ = {isa = PBXFileReference; lastKnownFileType = file.storyboard; name = Base; path = Base.lproj/LaunchScreen.storyboard; sourceTree = "<group>"; };
		8B378E0B1C4C690600D53943 /* Info.plist */ = {isa = PBXFileReference; lastKnownFileType = text.plist.xml; path = Info.plist; sourceTree = "<group>"; };
		8B378E151C4C692100D53943 /* Keyboard.appex */ = {isa = PBXFileReference; explicitFileType = "wrapper.app-extension"; includeInIndex = 0; path = Keyboard.appex; sourceTree = BUILT_PRODUCTS_DIR; };
		8B378E171C4C692100D53943 /* KeyboardViewController.swift */ = {isa = PBXFileReference; lastKnownFileType = sourcecode.swift; path = KeyboardViewController.swift; sourceTree = "<group>"; };
		8B378E191C4C692100D53943 /* Info.plist */ = {isa = PBXFileReference; lastKnownFileType = text.plist.xml; path = Info.plist; sourceTree = "<group>"; };
		8B378E211C4C6B7A00D53943 /* Assets.xcassets */ = {isa = PBXFileReference; lastKnownFileType = folder.assetcatalog; path = Assets.xcassets; sourceTree = "<group>"; };
/* End PBXFileReference section */

/* Begin PBXFrameworksBuildPhase section */
		8B378DF91C4C690600D53943 /* Frameworks */ = {
			isa = PBXFrameworksBuildPhase;
			buildActionMask = 2147483647;
			files = (
			);
			runOnlyForDeploymentPostprocessing = 0;
		};
		8B378E121C4C692100D53943 /* Frameworks */ = {
			isa = PBXFrameworksBuildPhase;
			buildActionMask = 2147483647;
			files = (
			);
			runOnlyForDeploymentPostprocessing = 0;
		};
/* End PBXFrameworksBuildPhase section */

/* Begin PBXGroup section */
		8B378DF31C4C690600D53943 = {
			isa = PBXGroup;
			children = (
				8B378DFE1C4C690600D53943 /* NumPadApp */,
				8B378E161C4C692100D53943 /* Keyboard */,
				8B378DFD1C4C690600D53943 /* Products */,
			);
			sourceTree = "<group>";
		};
		8B378DFD1C4C690600D53943 /* Products */ = {
			isa = PBXGroup;
			children = (
				8B378DFC1C4C690600D53943 /* NumPadApp.app */,
				8B378E151C4C692100D53943 /* Keyboard.appex */,
			);
			name = Products;
			sourceTree = "<group>";
		};
		8B378DFE1C4C690600D53943 /* NumPadApp */ = {
			isa = PBXGroup;
			children = (
				8B378DFF1C4C690600D53943 /* AppDelegate.swift */,
				8B378E011C4C690600D53943 /* ViewController.swift */,
				8B378E031C4C690600D53943 /* Main.storyboard */,
				8B378E061C4C690600D53943 /* Assets.xcassets */,
				8B378E081C4C690600D53943 /* LaunchScreen.storyboard */,
				8B378E0B1C4C690600D53943 /* Info.plist */,
			);
			path = NumPadApp;
			sourceTree = "<group>";
		};
		8B378E161C4C692100D53943 /* Keyboard */ = {
			isa = PBXGroup;
			children = (
				8B378E171C4C692100D53943 /* KeyboardViewController.swift */,
				8B378E191C4C692100D53943 /* Info.plist */,
				8B378E211C4C6B7A00D53943 /* Assets.xcassets */,
			);
			path = Keyboard;
			sourceTree = "<group>";
		};
/* End PBXGroup section */

/* Begin PBXNativeTarget section */
		8B378DFB1C4C690600D53943 /* NumPadApp */ = {
			isa = PBXNativeTarget;
			buildConfigurationList = 8B378E0E1C4C690600D53943 /* Build configuration list for PBXNativeTarget "NumPadApp" */;
			buildPhases = (
				8B378DF81C4C690600D53943 /* Sources */,
				8B378DF91C4C690600D53943 /* Frameworks */,
				8B378DFA1C4C690600D53943 /* Resources */,
				8B378E201C4C692100D53943 /* Embed App Extensions */,
			);
			buildRules = (
			);
			dependencies = (
				8B378E1B1C4C692100D53943 /* PBXTargetDependency */,
			);
			name = NumPadApp;
			productName = NumPadApp;
			productReference = 8B378DFC1C4C690600D53943 /* NumPadApp.app */;
			productType = "com.apple.product-type.application";
		};
		8B378E141C4C692100D53943 /* Keyboard */ = {
			isa = PBXNativeTarget;
			buildConfigurationList = 8B378E1D1C4C692100D53943 /* Build configuration list for PBXNativeTarget "Keyboard" */;
			buildPhases = (
				8B378E111C4C692100D53943 /* Sources */,
				8B378E121C4C692100D53943 /* Frameworks */,
				8B378E131C4C692100D53943 /* Resources */,
			);
			buildRules = (
			);
			dependencies = (
			);
			name = Keyboard;
			productName = Keyboard;
			productReference = 8B378E151C4C692100D53943 /* Keyboard.appex */;
			productType = "com.apple.product-type.app-extension";
		};
/* End PBXNativeTarget section */

/* Begin PBXProject section */
		8B378DF41C4C690600D53943 /* Project object */ = {
			isa = PBXProject;
			attributes = {
				LastSwiftUpdateCheck = 0720;
				LastUpgradeCheck = 0720;
				ORGANIZATIONNAME = "Lasha Efremidze";
				TargetAttributes = {
					8B378DFB1C4C690600D53943 = {
						CreatedOnToolsVersion = 7.2;
					};
					8B378E141C4C692100D53943 = {
						CreatedOnToolsVersion = 7.2;
					};
				};
			};
			buildConfigurationList = 8B378DF71C4C690600D53943 /* Build configuration list for PBXProject "NumPadApp" */;
			compatibilityVersion = "Xcode 3.2";
			developmentRegion = English;
			hasScannedForEncodings = 0;
			knownRegions = (
				en,
				Base,
			);
			mainGroup = 8B378DF31C4C690600D53943;
			productRefGroup = 8B378DFD1C4C690600D53943 /* Products */;
			projectDirPath = "";
			projectRoot = "";
			targets = (
				8B378DFB1C4C690600D53943 /* NumPadApp */,
				8B378E141C4C692100D53943 /* Keyboard */,
			);
		};
/* End PBXProject section */

/* Begin PBXResourcesBuildPhase section */
		8B378DFA1C4C690600D53943 /* Resources */ = {
			isa = PBXResourcesBuildPhase;
			buildActionMask = 2147483647;
			files = (
				8B378E0A1C4C690600D53943 /* LaunchScreen.storyboard in Resources */,
				8B378E071C4C690600D53943 /* Assets.xcassets in Resources */,
				8B378E051C4C690600D53943 /* Main.storyboard in Resources */,
			);
			runOnlyForDeploymentPostprocessing = 0;
		};
		8B378E131C4C692100D53943 /* Resources */ = {
			isa = PBXResourcesBuildPhase;
			buildActionMask = 2147483647;
			files = (
				8B378E221C4C6B7A00D53943 /* Assets.xcassets in Resources */,
			);
			runOnlyForDeploymentPostprocessing = 0;
		};
/* End PBXResourcesBuildPhase section */

/* Begin PBXSourcesBuildPhase section */
		8B378DF81C4C690600D53943 /* Sources */ = {
			isa = PBXSourcesBuildPhase;
			buildActionMask = 2147483647;
			files = (
				8B378E021C4C690600D53943 /* ViewController.swift in Sources */,
				8B378E001C4C690600D53943 /* AppDelegate.swift in Sources */,
			);
			runOnlyForDeploymentPostprocessing = 0;
		};
		8B378E111C4C692100D53943 /* Sources */ = {
			isa = PBXSourcesBuildPhase;
			buildActionMask = 2147483647;
			files = (
				8B378E181C4C692100D53943 /* KeyboardViewController.swift in Sources */,
			);
			runOnlyForDeploymentPostprocessing = 0;
		};
/* End PBXSourcesBuildPhase section */

/* Begin PBXTargetDependency section */
		8B378E1B1C4C692100D53943 /* PBXTargetDependency */ = {
			isa = PBXTargetDependency;
			target = 8B378E141C4C692100D53943 /* Keyboard */;
			targetProxy = 8B378E1A1C4C692100D53943 /* PBXContainerItemProxy */;
		};
/* End PBXTargetDependency section */

/* Begin PBXVariantGroup section */
		8B378E031C4C690600D53943 /* Main.storyboard */ = {
			isa = PBXVariantGroup;
			children = (
				8B378E041C4C690600D53943 /* Base */,
			);
			name = Main.storyboard;
			sourceTree = "<group>";
		};
		8B378E081C4C690600D53943 /* LaunchScreen.storyboard */ = {
			isa = PBXVariantGroup;
			children = (
				8B378E091C4C690600D53943 /* Base */,
			);
			name = LaunchScreen.storyboard;
			sourceTree = "<group>";
		};
/* End PBXVariantGroup section */

/* Begin XCBuildConfiguration section */
		8B378E0C1C4C690600D53943 /* Debug */ = {
			isa = XCBuildConfiguration;
			buildSettings = {
				ALWAYS_SEARCH_USER_PATHS = NO;
				CLANG_CXX_LANGUAGE_STANDARD = "gnu++0x";
				CLANG_CXX_LIBRARY = "libc++";
				CLANG_ENABLE_MODULES = YES;
				CLANG_ENABLE_OBJC_ARC = YES;
				CLANG_WARN_BOOL_CONVERSION = YES;
				CLANG_WARN_CONSTANT_CONVERSION = YES;
				CLANG_WARN_DIRECT_OBJC_ISA_USAGE = YES_ERROR;
				CLANG_WARN_EMPTY_BODY = YES;
				CLANG_WARN_ENUM_CONVERSION = YES;
				CLANG_WARN_INT_CONVERSION = YES;
				CLANG_WARN_OBJC_ROOT_CLASS = YES_ERROR;
				CLANG_WARN_UNREACHABLE_CODE = YES;
				CLANG_WARN__DUPLICATE_METHOD_MATCH = YES;
				"CODE_SIGN_IDENTITY[sdk=iphoneos*]" = "iPhone Developer";
				COPY_PHASE_STRIP = NO;
				DEBUG_INFORMATION_FORMAT = dwarf;
				ENABLE_STRICT_OBJC_MSGSEND = YES;
				ENABLE_TESTABILITY = YES;
				GCC_C_LANGUAGE_STANDARD = gnu99;
				GCC_DYNAMIC_NO_PIC = NO;
				GCC_NO_COMMON_BLOCKS = YES;
				GCC_OPTIMIZATION_LEVEL = 0;
				GCC_PREPROCESSOR_DEFINITIONS = (
					"DEBUG=1",
					"$(inherited)",
				);
				GCC_WARN_64_TO_32_BIT_CONVERSION = YES;
				GCC_WARN_ABOUT_RETURN_TYPE = YES_ERROR;
				GCC_WARN_UNDECLARED_SELECTOR = YES;
				GCC_WARN_UNINITIALIZED_AUTOS = YES_AGGRESSIVE;
				GCC_WARN_UNUSED_FUNCTION = YES;
				GCC_WARN_UNUSED_VARIABLE = YES;
				IPHONEOS_DEPLOYMENT_TARGET = 8.0;
				MTL_ENABLE_DEBUG_INFO = YES;
				ONLY_ACTIVE_ARCH = YES;
				SDKROOT = iphoneos;
				SWIFT_OPTIMIZATION_LEVEL = "-Onone";
				TARGETED_DEVICE_FAMILY = "1,2";
			};
			name = Debug;
		};
		8B378E0D1C4C690600D53943 /* Release */ = {
			isa = XCBuildConfiguration;
			buildSettings = {
				ALWAYS_SEARCH_USER_PATHS = NO;
				CLANG_CXX_LANGUAGE_STANDARD = "gnu++0x";
				CLANG_CXX_LIBRARY = "libc++";
				CLANG_ENABLE_MODULES = YES;
				CLANG_ENABLE_OBJC_ARC = YES;
				CLANG_WARN_BOOL_CONVERSION = YES;
				CLANG_WARN_CONSTANT_CONVERSION = YES;
				CLANG_WARN_DIRECT_OBJC_ISA_USAGE = YES_ERROR;
				CLANG_WARN_EMPTY_BODY = YES;
				CLANG_WARN_ENUM_CONVERSION = YES;
				CLANG_WARN_INT_CONVERSION = YES;
				CLANG_WARN_OBJC_ROOT_CLASS = YES_ERROR;
				CLANG_WARN_UNREACHABLE_CODE = YES;
				CLANG_WARN__DUPLICATE_METHOD_MATCH = YES;
				"CODE_SIGN_IDENTITY[sdk=iphoneos*]" = "iPhone Developer";
				COPY_PHASE_STRIP = NO;
				DEBUG_INFORMATION_FORMAT = "dwarf-with-dsym";
				ENABLE_NS_ASSERTIONS = NO;
				ENABLE_STRICT_OBJC_MSGSEND = YES;
				GCC_C_LANGUAGE_STANDARD = gnu99;
				GCC_NO_COMMON_BLOCKS = YES;
				GCC_WARN_64_TO_32_BIT_CONVERSION = YES;
				GCC_WARN_ABOUT_RETURN_TYPE = YES_ERROR;
				GCC_WARN_UNDECLARED_SELECTOR = YES;
				GCC_WARN_UNINITIALIZED_AUTOS = YES_AGGRESSIVE;
				GCC_WARN_UNUSED_FUNCTION = YES;
				GCC_WARN_UNUSED_VARIABLE = YES;
				IPHONEOS_DEPLOYMENT_TARGET = 8.0;
				MTL_ENABLE_DEBUG_INFO = NO;
				SDKROOT = iphoneos;
				TARGETED_DEVICE_FAMILY = "1,2";
				VALIDATE_PRODUCT = YES;
			};
			name = Release;
		};
		8B378E0F1C4C690600D53943 /* Debug */ = {
			isa = XCBuildConfiguration;
			buildSettings = {
				ASSETCATALOG_COMPILER_APPICON_NAME = AppIcon;
				EMBEDDED_CONTENT_CONTAINS_SWIFT = YES;
				INFOPLIST_FILE = NumPadApp/Info.plist;
				LD_RUNPATH_SEARCH_PATHS = "$(inherited) @executable_path/Frameworks";
				PRODUCT_BUNDLE_IDENTIFIER = com.morevoltage.NumPad;
				PRODUCT_NAME = "$(TARGET_NAME)";
			};
			name = Debug;
		};
		8B378E101C4C690600D53943 /* Release */ = {
			isa = XCBuildConfiguration;
			buildSettings = {
				ASSETCATALOG_COMPILER_APPICON_NAME = AppIcon;
				EMBEDDED_CONTENT_CONTAINS_SWIFT = YES;
				INFOPLIST_FILE = NumPadApp/Info.plist;
				LD_RUNPATH_SEARCH_PATHS = "$(inherited) @executable_path/Frameworks";
				PRODUCT_BUNDLE_IDENTIFIER = com.morevoltage.NumPad;
				PRODUCT_NAME = "$(TARGET_NAME)";
			};
			name = Release;
		};
		8B378E1E1C4C692100D53943 /* Debug */ = {
			isa = XCBuildConfiguration;
			buildSettings = {
				INFOPLIST_FILE = Keyboard/Info.plist;
				LD_RUNPATH_SEARCH_PATHS = "$(inherited) @executable_path/Frameworks @executable_path/../../Frameworks";
				PRODUCT_BUNDLE_IDENTIFIER = com.morevoltage.NumPad.Keyboard;
				PRODUCT_NAME = "$(TARGET_NAME)";
				SKIP_INSTALL = YES;
			};
			name = Debug;
		};
		8B378E1F1C4C692100D53943 /* Release */ = {
			isa = XCBuildConfiguration;
			buildSettings = {
				INFOPLIST_FILE = Keyboard/Info.plist;
				LD_RUNPATH_SEARCH_PATHS = "$(inherited) @executable_path/Frameworks @executable_path/../../Frameworks";
				PRODUCT_BUNDLE_IDENTIFIER = com.morevoltage.NumPad.Keyboard;
				PRODUCT_NAME = "$(TARGET_NAME)";
				SKIP_INSTALL = YES;
			};
			name = Release;
		};
/* End XCBuildConfiguration section */

/* Begin XCConfigurationList section */
		8B378DF71C4C690600D53943 /* Build configuration list for PBXProject "NumPadApp" */ = {
			isa = XCConfigurationList;
			buildConfigurations = (
				8B378E0C1C4C690600D53943 /* Debug */,
				8B378E0D1C4C690600D53943 /* Release */,
			);
			defaultConfigurationIsVisible = 0;
			defaultConfigurationName = Release;
		};
		8B378E0E1C4C690600D53943 /* Build configuration list for PBXNativeTarget "NumPadApp" */ = {
			isa = XCConfigurationList;
			buildConfigurations = (
				8B378E0F1C4C690600D53943 /* Debug */,
				8B378E101C4C690600D53943 /* Release */,
			);
			defaultConfigurationIsVisible = 0;
			defaultConfigurationName = Release;
		};
		8B378E1D1C4C692100D53943 /* Build configuration list for PBXNativeTarget "Keyboard" */ = {
			isa = XCConfigurationList;
			buildConfigurations = (
				8B378E1E1C4C692100D53943 /* Debug */,
				8B378E1F1C4C692100D53943 /* Release */,
			);
			defaultConfigurationIsVisible = 0;
			defaultConfigurationName = Release;
		};
/* End XCConfigurationList section */
	};
	rootObject = 8B378DF41C4C690600D53943 /* Project object */;
}
